// !$*UTF8*$!
{
	archiveVersion = 1;
	classes = {
	};
	objectVersion = 46;
	objects = {

/* Begin PBXBuildFile section */
		76D14EE214E4C2E1007154D2 /* UIKit.framework in Frameworks */ = {isa = PBXBuildFile; fileRef = 76D14EE114E4C2E1007154D2 /* UIKit.framework */; };
		76D14EE414E4C2E1007154D2 /* Foundation.framework in Frameworks */ = {isa = PBXBuildFile; fileRef = 76D14EE314E4C2E1007154D2 /* Foundation.framework */; };
		76D14EE614E4C2E1007154D2 /* CoreGraphics.framework in Frameworks */ = {isa = PBXBuildFile; fileRef = 76D14EE514E4C2E1007154D2 /* CoreGraphics.framework */; };
		76D14EEC14E4C2E1007154D2 /* InfoPlist.strings in Resources */ = {isa = PBXBuildFile; fileRef = 76D14EEA14E4C2E1007154D2 /* InfoPlist.strings */; };
		76D14EEE14E4C2E1007154D2 /* main.m in Sources */ = {isa = PBXBuildFile; fileRef = 76D14EED14E4C2E1007154D2 /* main.m */; };
		76D14EF214E4C2E1007154D2 /* AppDelegate.m in Sources */ = {isa = PBXBuildFile; fileRef = 76D14EF114E4C2E1007154D2 /* AppDelegate.m */; };
		76D14F6E14E4C349007154D2 /* sdtreader.db in Resources */ = {isa = PBXBuildFile; fileRef = 76D14EF914E4C349007154D2 /* sdtreader.db */; };
		76D14F6F14E4C349007154D2 /* back_icon.png in Resources */ = {isa = PBXBuildFile; fileRef = 76D14EFB14E4C349007154D2 /* back_icon.png */; };
		76D14F7014E4C349007154D2 /* back_view.png in Resources */ = {isa = PBXBuildFile; fileRef = 76D14EFC14E4C349007154D2 /* back_view.png */; };
		76D14F7114E4C349007154D2 /* cancel.png in Resources */ = {isa = PBXBuildFile; fileRef = 76D14EFD14E4C349007154D2 /* cancel.png */; };
		76D14F7214E4C349007154D2 /* cancel_icon.png in Resources */ = {isa = PBXBuildFile; fileRef = 76D14EFE14E4C349007154D2 /* cancel_icon.png */; };
		76D14F7314E4C349007154D2 /* category32.png in Resources */ = {isa = PBXBuildFile; fileRef = 76D14EFF14E4C349007154D2 /* category32.png */; };
		76D14F7414E4C349007154D2 /* category48.png in Resources */ = {isa = PBXBuildFile; fileRef = 76D14F0014E4C349007154D2 /* category48.png */; };
		76D14F7514E4C349007154D2 /* category_add_icon.png in Resources */ = {isa = PBXBuildFile; fileRef = 76D14F0114E4C349007154D2 /* category_add_icon.png */; };
		76D14F7614E4C349007154D2 /* edit.png in Resources */ = {isa = PBXBuildFile; fileRef = 76D14F0214E4C349007154D2 /* edit.png */; };
		76D14F7714E4C349007154D2 /* edit_icon.png in Resources */ = {isa = PBXBuildFile; fileRef = 76D14F0314E4C349007154D2 /* edit_icon.png */; };
		76D14F7814E4C349007154D2 /* forward_icon.png in Resources */ = {isa = PBXBuildFile; fileRef = 76D14F0414E4C349007154D2 /* forward_icon.png */; };
		76D14F7914E4C349007154D2 /* newsreader.jpg in Resources */ = {isa = PBXBuildFile; fileRef = 76D14F0514E4C349007154D2 /* newsreader.jpg */; };
		76D14F7A14E4C349007154D2 /* open_icon.png in Resources */ = {isa = PBXBuildFile; fileRef = 76D14F0614E4C349007154D2 /* open_icon.png */; };
		76D14F7B14E4C349007154D2 /* rss_blue.png in Resources */ = {isa = PBXBuildFile; fileRef = 76D14F0714E4C349007154D2 /* rss_blue.png */; };
		76D14F7C14E4C349007154D2 /* rss_feed_add.png in Resources */ = {isa = PBXBuildFile; fileRef = 76D14F0814E4C349007154D2 /* rss_feed_add.png */; };
		76D14F7D14E4C349007154D2 /* rss_feeds.jpg in Resources */ = {isa = PBXBuildFile; fileRef = 76D14F0914E4C349007154D2 /* rss_feeds.jpg */; };
		76D14F7E14E4C349007154D2 /* rss_green.png in Resources */ = {isa = PBXBuildFile; fileRef = 76D14F0A14E4C349007154D2 /* rss_green.png */; };
		76D14F7F14E4C349007154D2 /* rss_grey.png in Resources */ = {isa = PBXBuildFile; fileRef = 76D14F0B14E4C349007154D2 /* rss_grey.png */; };
		76D14F8014E4C349007154D2 /* rss_icon64.png in Resources */ = {isa = PBXBuildFile; fileRef = 76D14F0C14E4C349007154D2 /* rss_icon64.png */; };
		76D14F8114E4C349007154D2 /* rss_story.png in Resources */ = {isa = PBXBuildFile; fileRef = 76D14F0D14E4C349007154D2 /* rss_story.png */; };
		76D14F8214E4C349007154D2 /* rss_story_blue.png in Resources */ = {isa = PBXBuildFile; fileRef = 76D14F0E14E4C349007154D2 /* rss_story_blue.png */; };
		76D14F8314E4C349007154D2 /* rss_story_green.png in Resources */ = {isa = PBXBuildFile; fileRef = 76D14F0F14E4C349007154D2 /* rss_story_green.png */; };
		76D14F8414E4C349007154D2 /* rss_story_grey.png in Resources */ = {isa = PBXBuildFile; fileRef = 76D14F1014E4C349007154D2 /* rss_story_grey.png */; };
		76D14F8514E4C349007154D2 /* rss_story_yellow.png in Resources */ = {isa = PBXBuildFile; fileRef = 76D14F1114E4C349007154D2 /* rss_story_yellow.png */; };
		76D14F8614E4C349007154D2 /* rss_yellow.png in Resources */ = {isa = PBXBuildFile; fileRef = 76D14F1214E4C349007154D2 /* rss_yellow.png */; };
		76D14F8714E4C349007154D2 /* save.png in Resources */ = {isa = PBXBuildFile; fileRef = 76D14F1314E4C349007154D2 /* save.png */; };
		76D14F8814E4C349007154D2 /* save_icon.png in Resources */ = {isa = PBXBuildFile; fileRef = 76D14F1414E4C349007154D2 /* save_icon.png */; };
		76D14F8914E4C349007154D2 /* sdtreader_icon.png in Resources */ = {isa = PBXBuildFile; fileRef = 76D14F1514E4C349007154D2 /* sdtreader_icon.png */; };
		76D14F8A14E4C349007154D2 /* search.png in Resources */ = {isa = PBXBuildFile; fileRef = 76D14F1614E4C349007154D2 /* search.png */; };
		76D14F8B14E4C349007154D2 /* star-black16.png in Resources */ = {isa = PBXBuildFile; fileRef = 76D14F1714E4C349007154D2 /* star-black16.png */; };
		76D14F8C14E4C349007154D2 /* star-black32.png in Resources */ = {isa = PBXBuildFile; fileRef = 76D14F1814E4C349007154D2 /* star-black32.png */; };
		76D14F8D14E4C349007154D2 /* star-blue16.png in Resources */ = {isa = PBXBuildFile; fileRef = 76D14F1914E4C349007154D2 /* star-blue16.png */; };
		76D14F8E14E4C349007154D2 /* star-blue24.png in Resources */ = {isa = PBXBuildFile; fileRef = 76D14F1A14E4C349007154D2 /* star-blue24.png */; };
		76D14F8F14E4C349007154D2 /* star-gold16.png in Resources */ = {isa = PBXBuildFile; fileRef = 76D14F1B14E4C349007154D2 /* star-gold16.png */; };
		76D14F9014E4C349007154D2 /* star-gold24.png in Resources */ = {isa = PBXBuildFile; fileRef = 76D14F1C14E4C349007154D2 /* star-gold24.png */; };
		76D14F9114E4C349007154D2 /* star-gold48.png in Resources */ = {isa = PBXBuildFile; fileRef = 76D14F1D14E4C349007154D2 /* star-gold48.png */; };
		76D14F9214E4C349007154D2 /* star-green16.png in Resources */ = {isa = PBXBuildFile; fileRef = 76D14F1E14E4C349007154D2 /* star-green16.png */; };
		76D14F9314E4C349007154D2 /* star-purple16.png in Resources */ = {isa = PBXBuildFile; fileRef = 76D14F1F14E4C349007154D2 /* star-purple16.png */; };
		76D14F9414E4C349007154D2 /* star-red16.png in Resources */ = {isa = PBXBuildFile; fileRef = 76D14F2014E4C349007154D2 /* star-red16.png */; };
		76D14F9514E4C349007154D2 /* star-white16.png in Resources */ = {isa = PBXBuildFile; fileRef = 76D14F2114E4C349007154D2 /* star-white16.png */; };
		76D14F9614E4C349007154D2 /* star-white24.png in Resources */ = {isa = PBXBuildFile; fileRef = 76D14F2214E4C349007154D2 /* star-white24.png */; };
		76D14F9714E4C349007154D2 /* star-white32.png in Resources */ = {isa = PBXBuildFile; fileRef = 76D14F2314E4C349007154D2 /* star-white32.png */; };
		76D14F9814E4C349007154D2 /* star-white48.png in Resources */ = {isa = PBXBuildFile; fileRef = 76D14F2414E4C349007154D2 /* star-white48.png */; };
		76D14F9914E4C349007154D2 /* view.png in Resources */ = {isa = PBXBuildFile; fileRef = 76D14F2514E4C349007154D2 /* view.png */; };
		76D14F9A14E4C349007154D2 /* view_icon.png in Resources */ = {isa = PBXBuildFile; fileRef = 76D14F2614E4C349007154D2 /* view_icon.png */; };
		76D14F9B14E4C349007154D2 /* web_browser_icon.png in Resources */ = {isa = PBXBuildFile; fileRef = 76D14F2714E4C349007154D2 /* web_browser_icon.png */; };
		76D14F9C14E4C349007154D2 /* RateButton.m in Sources */ = {isa = PBXBuildFile; fileRef = 76D14F2B14E4C349007154D2 /* RateButton.m */; };
		76D14F9E14E4C349007154D2 /* Common.m in Sources */ = {isa = PBXBuildFile; fileRef = 76D14F3214E4C349007154D2 /* Common.m */; };
		76D14FA014E4C349007154D2 /* ReaderModel.m in Sources */ = {isa = PBXBuildFile; fileRef = 76D14F3614E4C349007154D2 /* ReaderModel.m */; };
		76D14FA114E4C349007154D2 /* RssCategory.m in Sources */ = {isa = PBXBuildFile; fileRef = 76D14F3814E4C349007154D2 /* RssCategory.m */; };
		76D14FA214E4C349007154D2 /* RssCategoryDAO.m in Sources */ = {isa = PBXBuildFile; fileRef = 76D14F3A14E4C349007154D2 /* RssCategoryDAO.m */; };
		76D14FA314E4C349007154D2 /* RssCategoryModel.m in Sources */ = {isa = PBXBuildFile; fileRef = 76D14F3C14E4C349007154D2 /* RssCategoryModel.m */; };
		76D14FA414E4C349007154D2 /* RssFeed.m in Sources */ = {isa = PBXBuildFile; fileRef = 76D14F3E14E4C349007154D2 /* RssFeed.m */; };
		76D14FA514E4C349007154D2 /* RssFeedDAO.m in Sources */ = {isa = PBXBuildFile; fileRef = 76D14F4014E4C349007154D2 /* RssFeedDAO.m */; };
		76D14FA614E4C349007154D2 /* RssFeedModel.m in Sources */ = {isa = PBXBuildFile; fileRef = 76D14F4214E4C349007154D2 /* RssFeedModel.m */; };
		76D14FA714E4C349007154D2 /* RssParser.m in Sources */ = {isa = PBXBuildFile; fileRef = 76D14F4414E4C349007154D2 /* RssParser.m */; };
		76D14FA814E4C349007154D2 /* RssStory.m in Sources */ = {isa = PBXBuildFile; fileRef = 76D14F4614E4C349007154D2 /* RssStory.m */; };
		76D14FA914E4C349007154D2 /* RssStoryModel.m in Sources */ = {isa = PBXBuildFile; fileRef = 76D14F4814E4C349007154D2 /* RssStoryModel.m */; };
		76D14FAA14E4C349007154D2 /* ModelessViewController.m in Sources */ = {isa = PBXBuildFile; fileRef = 76D14F4B14E4C349007154D2 /* ModelessViewController.m */; };
		76D14FAB14E4C349007154D2 /* RssCategoryDetailViewController.m in Sources */ = {isa = PBXBuildFile; fileRef = 76D14F4D14E4C349007154D2 /* RssCategoryDetailViewController.m */; };
		76D14FAC14E4C349007154D2 /* RssCategoryViewCell.m in Sources */ = {isa = PBXBuildFile; fileRef = 76D14F4F14E4C349007154D2 /* RssCategoryViewCell.m */; };
		76D14FAD14E4C349007154D2 /* RssCategoryViewController.m in Sources */ = {isa = PBXBuildFile; fileRef = 76D14F5114E4C349007154D2 /* RssCategoryViewController.m */; };
		76D14FAE14E4C349007154D2 /* RssFeedDetailViewController.m in Sources */ = {isa = PBXBuildFile; fileRef = 76D14F5314E4C349007154D2 /* RssFeedDetailViewController.m */; };
		76D14FAF14E4C349007154D2 /* RssFeedViewCell.m in Sources */ = {isa = PBXBuildFile; fileRef = 76D14F5514E4C349007154D2 /* RssFeedViewCell.m */; };
		76D14FB014E4C349007154D2 /* RssFeedViewController.m in Sources */ = {isa = PBXBuildFile; fileRef = 76D14F5714E4C349007154D2 /* RssFeedViewController.m */; };
		76D14FB114E4C349007154D2 /* RssStoryListViewController.m in Sources */ = {isa = PBXBuildFile; fileRef = 76D14F5914E4C349007154D2 /* RssStoryListViewController.m */; };
		76D14FB214E4C349007154D2 /* RssStoryViewCell.m in Sources */ = {isa = PBXBuildFile; fileRef = 76D14F5B14E4C349007154D2 /* RssStoryViewCell.m */; };
		76D14FB314E4C349007154D2 /* RssStoryViewController.m in Sources */ = {isa = PBXBuildFile; fileRef = 76D14F5D14E4C349007154D2 /* RssStoryViewController.m */; };
		76D14FB414E4C349007154D2 /* SdtSearchViewController.m in Sources */ = {isa = PBXBuildFile; fileRef = 76D14F5F14E4C349007154D2 /* SdtSearchViewController.m */; };
		76D14FB514E4C349007154D2 /* SdtViewController.m in Sources */ = {isa = PBXBuildFile; fileRef = 76D14F6114E4C349007154D2 /* SdtViewController.m */; };
		76D14FB614E4C349007154D2 /* SplashViewController.m in Sources */ = {isa = PBXBuildFile; fileRef = 76D14F6314E4C349007154D2 /* SplashViewController.m */; };
		76D14FB714E4C349007154D2 /* WebBrowserViewController.m in Sources */ = {isa = PBXBuildFile; fileRef = 76D14F6514E4C349007154D2 /* WebBrowserViewController.m */; };
		76D14FB814E4C349007154D2 /* RssCategoryDetailViewController.xib in Resources */ = {isa = PBXBuildFile; fileRef = 76D14F6714E4C349007154D2 /* RssCategoryDetailViewController.xib */; };
		76D14FB914E4C349007154D2 /* RssCategoryViewController.xib in Resources */ = {isa = PBXBuildFile; fileRef = 76D14F6814E4C349007154D2 /* RssCategoryViewController.xib */; };
		76D14FBA14E4C349007154D2 /* RssFeedDetailViewController.xib in Resources */ = {isa = PBXBuildFile; fileRef = 76D14F6914E4C349007154D2 /* RssFeedDetailViewController.xib */; };
		76D14FBB14E4C349007154D2 /* RssFeedViewController.xib in Resources */ = {isa = PBXBuildFile; fileRef = 76D14F6A14E4C349007154D2 /* RssFeedViewController.xib */; };
		76D14FBC14E4C349007154D2 /* RssStoryListViewController.xib in Resources */ = {isa = PBXBuildFile; fileRef = 76D14F6B14E4C349007154D2 /* RssStoryListViewController.xib */; };
		76D14FBD14E4C349007154D2 /* RssStoryViewController.xib in Resources */ = {isa = PBXBuildFile; fileRef = 76D14F6C14E4C349007154D2 /* RssStoryViewController.xib */; };
		76D14FC014E4CDAD007154D2 /* libsqlite3.dylib in Frameworks */ = {isa = PBXBuildFile; fileRef = 76D14FBF14E4CDAB007154D2 /* libsqlite3.dylib */; };
		76D14FC614E4D357007154D2 /* SplashViewController.xib in Resources */ = {isa = PBXBuildFile; fileRef = 76D14FC514E4D357007154D2 /* SplashViewController.xib */; };
/* End PBXBuildFile section */

/* Begin PBXFileReference section */
		76D14EDD14E4C2E1007154D2 /* SdtReader.app */ = {isa = PBXFileReference; explicitFileType = wrapper.application; includeInIndex = 0; path = SdtReader.app; sourceTree = BUILT_PRODUCTS_DIR; };
		76D14EE114E4C2E1007154D2 /* UIKit.framework */ = {isa = PBXFileReference; lastKnownFileType = wrapper.framework; name = UIKit.framework; path = System/Library/Frameworks/UIKit.framework; sourceTree = SDKROOT; };
		76D14EE314E4C2E1007154D2 /* Foundation.framework */ = {isa = PBXFileReference; lastKnownFileType = wrapper.framework; name = Foundation.framework; path = System/Library/Frameworks/Foundation.framework; sourceTree = SDKROOT; };
		76D14EE514E4C2E1007154D2 /* CoreGraphics.framework */ = {isa = PBXFileReference; lastKnownFileType = wrapper.framework; name = CoreGraphics.framework; path = System/Library/Frameworks/CoreGraphics.framework; sourceTree = SDKROOT; };
		76D14EE914E4C2E1007154D2 /* SdtReader-Info.plist */ = {isa = PBXFileReference; lastKnownFileType = text.plist.xml; path = "SdtReader-Info.plist"; sourceTree = "<group>"; };
		76D14EEB14E4C2E1007154D2 /* en */ = {isa = PBXFileReference; lastKnownFileType = text.plist.strings; name = en; path = en.lproj/InfoPlist.strings; sourceTree = "<group>"; };
		76D14EED14E4C2E1007154D2 /* main.m */ = {isa = PBXFileReference; lastKnownFileType = sourcecode.c.objc; path = main.m; sourceTree = "<group>"; };
		76D14EEF14E4C2E1007154D2 /* SdtReader-Prefix.pch */ = {isa = PBXFileReference; lastKnownFileType = sourcecode.c.h; path = "SdtReader-Prefix.pch"; sourceTree = "<group>"; };
		76D14EF014E4C2E1007154D2 /* AppDelegate.h */ = {isa = PBXFileReference; lastKnownFileType = sourcecode.c.h; path = AppDelegate.h; sourceTree = "<group>"; };
		76D14EF114E4C2E1007154D2 /* AppDelegate.m */ = {isa = PBXFileReference; lastKnownFileType = sourcecode.c.objc; path = AppDelegate.m; sourceTree = "<group>"; };
		76D14EF914E4C349007154D2 /* sdtreader.db */ = {isa = PBXFileReference; lastKnownFileType = file; path = sdtreader.db; sourceTree = "<group>"; };
		76D14EFB14E4C349007154D2 /* back_icon.png */ = {isa = PBXFileReference; lastKnownFileType = image.png; path = back_icon.png; sourceTree = "<group>"; };
		76D14EFC14E4C349007154D2 /* back_view.png */ = {isa = PBXFileReference; lastKnownFileType = image.png; path = back_view.png; sourceTree = "<group>"; };
		76D14EFD14E4C349007154D2 /* cancel.png */ = {isa = PBXFileReference; lastKnownFileType = image.png; path = cancel.png; sourceTree = "<group>"; };
		76D14EFE14E4C349007154D2 /* cancel_icon.png */ = {isa = PBXFileReference; lastKnownFileType = image.png; path = cancel_icon.png; sourceTree = "<group>"; };
		76D14EFF14E4C349007154D2 /* category32.png */ = {isa = PBXFileReference; lastKnownFileType = image.png; path = category32.png; sourceTree = "<group>"; };
		76D14F0014E4C349007154D2 /* category48.png */ = {isa = PBXFileReference; lastKnownFileType = image.png; path = category48.png; sourceTree = "<group>"; };
		76D14F0114E4C349007154D2 /* category_add_icon.png */ = {isa = PBXFileReference; lastKnownFileType = image.png; path = category_add_icon.png; sourceTree = "<group>"; };
		76D14F0214E4C349007154D2 /* edit.png */ = {isa = PBXFileReference; lastKnownFileType = image.png; path = edit.png; sourceTree = "<group>"; };
		76D14F0314E4C349007154D2 /* edit_icon.png */ = {isa = PBXFileReference; lastKnownFileType = image.png; path = edit_icon.png; sourceTree = "<group>"; };
		76D14F0414E4C349007154D2 /* forward_icon.png */ = {isa = PBXFileReference; lastKnownFileType = image.png; path = forward_icon.png; sourceTree = "<group>"; };
		76D14F0514E4C349007154D2 /* newsreader.jpg */ = {isa = PBXFileReference; lastKnownFileType = image.jpeg; path = newsreader.jpg; sourceTree = "<group>"; };
		76D14F0614E4C349007154D2 /* open_icon.png */ = {isa = PBXFileReference; lastKnownFileType = image.png; path = open_icon.png; sourceTree = "<group>"; };
		76D14F0714E4C349007154D2 /* rss_blue.png */ = {isa = PBXFileReference; lastKnownFileType = image.png; path = rss_blue.png; sourceTree = "<group>"; };
		76D14F0814E4C349007154D2 /* rss_feed_add.png */ = {isa = PBXFileReference; lastKnownFileType = image.png; path = rss_feed_add.png; sourceTree = "<group>"; };
		76D14F0914E4C349007154D2 /* rss_feeds.jpg */ = {isa = PBXFileReference; lastKnownFileType = image.jpeg; path = rss_feeds.jpg; sourceTree = "<group>"; };
		76D14F0A14E4C349007154D2 /* rss_green.png */ = {isa = PBXFileReference; lastKnownFileType = image.png; path = rss_green.png; sourceTree = "<group>"; };
		76D14F0B14E4C349007154D2 /* rss_grey.png */ = {isa = PBXFileReference; lastKnownFileType = image.png; path = rss_grey.png; sourceTree = "<group>"; };
		76D14F0C14E4C349007154D2 /* rss_icon64.png */ = {isa = PBXFileReference; lastKnownFileType = image.png; path = rss_icon64.png; sourceTree = "<group>"; };
		76D14F0D14E4C349007154D2 /* rss_story.png */ = {isa = PBXFileReference; lastKnownFileType = image.png; path = rss_story.png; sourceTree = "<group>"; };
		76D14F0E14E4C349007154D2 /* rss_story_blue.png */ = {isa = PBXFileReference; lastKnownFileType = image.png; path = rss_story_blue.png; sourceTree = "<group>"; };
		76D14F0F14E4C349007154D2 /* rss_story_green.png */ = {isa = PBXFileReference; lastKnownFileType = image.png; path = rss_story_green.png; sourceTree = "<group>"; };
		76D14F1014E4C349007154D2 /* rss_story_grey.png */ = {isa = PBXFileReference; lastKnownFileType = image.png; path = rss_story_grey.png; sourceTree = "<group>"; };
		76D14F1114E4C349007154D2 /* rss_story_yellow.png */ = {isa = PBXFileReference; lastKnownFileType = image.png; path = rss_story_yellow.png; sourceTree = "<group>"; };
		76D14F1214E4C349007154D2 /* rss_yellow.png */ = {isa = PBXFileReference; lastKnownFileType = image.png; path = rss_yellow.png; sourceTree = "<group>"; };
		76D14F1314E4C349007154D2 /* save.png */ = {isa = PBXFileReference; lastKnownFileType = image.png; path = save.png; sourceTree = "<group>"; };
		76D14F1414E4C349007154D2 /* save_icon.png */ = {isa = PBXFileReference; lastKnownFileType = image.png; path = save_icon.png; sourceTree = "<group>"; };
		76D14F1514E4C349007154D2 /* sdtreader_icon.png */ = {isa = PBXFileReference; lastKnownFileType = image.png; path = sdtreader_icon.png; sourceTree = "<group>"; };
		76D14F1614E4C349007154D2 /* search.png */ = {isa = PBXFileReference; lastKnownFileType = image.png; path = search.png; sourceTree = "<group>"; };
		76D14F1714E4C349007154D2 /* star-black16.png */ = {isa = PBXFileReference; lastKnownFileType = image.png; path = "star-black16.png"; sourceTree = "<group>"; };
		76D14F1814E4C349007154D2 /* star-black32.png */ = {isa = PBXFileReference; lastKnownFileType = image.png; path = "star-black32.png"; sourceTree = "<group>"; };
		76D14F1914E4C349007154D2 /* star-blue16.png */ = {isa = PBXFileReference; lastKnownFileType = image.png; path = "star-blue16.png"; sourceTree = "<group>"; };
		76D14F1A14E4C349007154D2 /* star-blue24.png */ = {isa = PBXFileReference; lastKnownFileType = image.png; path = "star-blue24.png"; sourceTree = "<group>"; };
		76D14F1B14E4C349007154D2 /* star-gold16.png */ = {isa = PBXFileReference; lastKnownFileType = image.png; path = "star-gold16.png"; sourceTree = "<group>"; };
		76D14F1C14E4C349007154D2 /* star-gold24.png */ = {isa = PBXFileReference; lastKnownFileType = image.png; path = "star-gold24.png"; sourceTree = "<group>"; };
		76D14F1D14E4C349007154D2 /* star-gold48.png */ = {isa = PBXFileReference; lastKnownFileType = image.png; path = "star-gold48.png"; sourceTree = "<group>"; };
		76D14F1E14E4C349007154D2 /* star-green16.png */ = {isa = PBXFileReference; lastKnownFileType = image.png; path = "star-green16.png"; sourceTree = "<group>"; };
		76D14F1F14E4C349007154D2 /* star-purple16.png */ = {isa = PBXFileReference; lastKnownFileType = image.png; path = "star-purple16.png"; sourceTree = "<group>"; };
		76D14F2014E4C349007154D2 /* star-red16.png */ = {isa = PBXFileReference; lastKnownFileType = image.png; path = "star-red16.png"; sourceTree = "<group>"; };
		76D14F2114E4C349007154D2 /* star-white16.png */ = {isa = PBXFileReference; lastKnownFileType = image.png; path = "star-white16.png"; sourceTree = "<group>"; };
		76D14F2214E4C349007154D2 /* star-white24.png */ = {isa = PBXFileReference; lastKnownFileType = image.png; path = "star-white24.png"; sourceTree = "<group>"; };
		76D14F2314E4C349007154D2 /* star-white32.png */ = {isa = PBXFileReference; lastKnownFileType = image.png; path = "star-white32.png"; sourceTree = "<group>"; };
		76D14F2414E4C349007154D2 /* star-white48.png */ = {isa = PBXFileReference; lastKnownFileType = image.png; path = "star-white48.png"; sourceTree = "<group>"; };
		76D14F2514E4C349007154D2 /* view.png */ = {isa = PBXFileReference; lastKnownFileType = image.png; path = view.png; sourceTree = "<group>"; };
		76D14F2614E4C349007154D2 /* view_icon.png */ = {isa = PBXFileReference; lastKnownFileType = image.png; path = view_icon.png; sourceTree = "<group>"; };
		76D14F2714E4C349007154D2 /* web_browser_icon.png */ = {isa = PBXFileReference; lastKnownFileType = image.png; path = web_browser_icon.png; sourceTree = "<group>"; };
		76D14F2A14E4C349007154D2 /* RateButton.h */ = {isa = PBXFileReference; fileEncoding = 4; lastKnownFileType = sourcecode.c.h; path = RateButton.h; sourceTree = "<group>"; };
		76D14F2B14E4C349007154D2 /* RateButton.m */ = {isa = PBXFileReference; fileEncoding = 4; lastKnownFileType = sourcecode.c.objc; path = RateButton.m; sourceTree = "<group>"; };
		76D14F2D14E4C349007154D2 /* ModalViewControllerDelegate.h */ = {isa = PBXFileReference; fileEncoding = 4; lastKnownFileType = sourcecode.c.h; path = ModalViewControllerDelegate.h; sourceTree = "<group>"; };
		76D14F3114E4C349007154D2 /* Common.h */ = {isa = PBXFileReference; fileEncoding = 4; lastKnownFileType = sourcecode.c.h; path = Common.h; sourceTree = "<group>"; };
		76D14F3214E4C349007154D2 /* Common.m */ = {isa = PBXFileReference; fileEncoding = 4; lastKnownFileType = sourcecode.c.objc; path = Common.m; sourceTree = "<group>"; };
		76D14F3514E4C349007154D2 /* ReaderModel.h */ = {isa = PBXFileReference; fileEncoding = 4; lastKnownFileType = sourcecode.c.h; path = ReaderModel.h; sourceTree = "<group>"; };
		76D14F3614E4C349007154D2 /* ReaderModel.m */ = {isa = PBXFileReference; fileEncoding = 4; lastKnownFileType = sourcecode.c.objc; path = ReaderModel.m; sourceTree = "<group>"; };
		76D14F3714E4C349007154D2 /* RssCategory.h */ = {isa = PBXFileReference; fileEncoding = 4; lastKnownFileType = sourcecode.c.h; path = RssCategory.h; sourceTree = "<group>"; };
		76D14F3814E4C349007154D2 /* RssCategory.m */ = {isa = PBXFileReference; fileEncoding = 4; lastKnownFileType = sourcecode.c.objc; path = RssCategory.m; sourceTree = "<group>"; };
		76D14F3914E4C349007154D2 /* RssCategoryDAO.h */ = {isa = PBXFileReference; fileEncoding = 4; lastKnownFileType = sourcecode.c.h; path = RssCategoryDAO.h; sourceTree = "<group>"; };
		76D14F3A14E4C349007154D2 /* RssCategoryDAO.m */ = {isa = PBXFileReference; fileEncoding = 4; lastKnownFileType = sourcecode.c.objc; path = RssCategoryDAO.m; sourceTree = "<group>"; };
		76D14F3B14E4C349007154D2 /* RssCategoryModel.h */ = {isa = PBXFileReference; fileEncoding = 4; lastKnownFileType = sourcecode.c.h; path = RssCategoryModel.h; sourceTree = "<group>"; };
		76D14F3C14E4C349007154D2 /* RssCategoryModel.m */ = {isa = PBXFileReference; fileEncoding = 4; lastKnownFileType = sourcecode.c.objc; path = RssCategoryModel.m; sourceTree = "<group>"; };
		76D14F3D14E4C349007154D2 /* RssFeed.h */ = {isa = PBXFileReference; fileEncoding = 4; lastKnownFileType = sourcecode.c.h; path = RssFeed.h; sourceTree = "<group>"; };
		76D14F3E14E4C349007154D2 /* RssFeed.m */ = {isa = PBXFileReference; fileEncoding = 4; lastKnownFileType = sourcecode.c.objc; path = RssFeed.m; sourceTree = "<group>"; };
		76D14F3F14E4C349007154D2 /* RssFeedDAO.h */ = {isa = PBXFileReference; fileEncoding = 4; lastKnownFileType = sourcecode.c.h; path = RssFeedDAO.h; sourceTree = "<group>"; };
		76D14F4014E4C349007154D2 /* RssFeedDAO.m */ = {isa = PBXFileReference; fileEncoding = 4; lastKnownFileType = sourcecode.c.objc; path = RssFeedDAO.m; sourceTree = "<group>"; };
		76D14F4114E4C349007154D2 /* RssFeedModel.h */ = {isa = PBXFileReference; fileEncoding = 4; lastKnownFileType = sourcecode.c.h; path = RssFeedModel.h; sourceTree = "<group>"; };
		76D14F4214E4C349007154D2 /* RssFeedModel.m */ = {isa = PBXFileReference; fileEncoding = 4; lastKnownFileType = sourcecode.c.objc; path = RssFeedModel.m; sourceTree = "<group>"; };
		76D14F4314E4C349007154D2 /* RssParser.h */ = {isa = PBXFileReference; fileEncoding = 4; lastKnownFileType = sourcecode.c.h; path = RssParser.h; sourceTree = "<group>"; };
		76D14F4414E4C349007154D2 /* RssParser.m */ = {isa = PBXFileReference; fileEncoding = 4; lastKnownFileType = sourcecode.c.objc; path = RssParser.m; sourceTree = "<group>"; };
		76D14F4514E4C349007154D2 /* RssStory.h */ = {isa = PBXFileReference; fileEncoding = 4; lastKnownFileType = sourcecode.c.h; path = RssStory.h; sourceTree = "<group>"; };
		76D14F4614E4C349007154D2 /* RssStory.m */ = {isa = PBXFileReference; fileEncoding = 4; lastKnownFileType = sourcecode.c.objc; path = RssStory.m; sourceTree = "<group>"; };
		76D14F4714E4C349007154D2 /* RssStoryModel.h */ = {isa = PBXFileReference; fileEncoding = 4; lastKnownFileType = sourcecode.c.h; path = RssStoryModel.h; sourceTree = "<group>"; };
		76D14F4814E4C349007154D2 /* RssStoryModel.m */ = {isa = PBXFileReference; fileEncoding = 4; lastKnownFileType = sourcecode.c.objc; path = RssStoryModel.m; sourceTree = "<group>"; };
		76D14F4A14E4C349007154D2 /* ModelessViewController.h */ = {isa = PBXFileReference; fileEncoding = 4; lastKnownFileType = sourcecode.c.h; path = ModelessViewController.h; sourceTree = "<group>"; };
		76D14F4B14E4C349007154D2 /* ModelessViewController.m */ = {isa = PBXFileReference; fileEncoding = 4; lastKnownFileType = sourcecode.c.objc; path = ModelessViewController.m; sourceTree = "<group>"; };
		76D14F4C14E4C349007154D2 /* RssCategoryDetailViewController.h */ = {isa = PBXFileReference; fileEncoding = 4; lastKnownFileType = sourcecode.c.h; path = RssCategoryDetailViewController.h; sourceTree = "<group>"; };
		76D14F4D14E4C349007154D2 /* RssCategoryDetailViewController.m */ = {isa = PBXFileReference; fileEncoding = 4; lastKnownFileType = sourcecode.c.objc; path = RssCategoryDetailViewController.m; sourceTree = "<group>"; };
		76D14F4E14E4C349007154D2 /* RssCategoryViewCell.h */ = {isa = PBXFileReference; fileEncoding = 4; lastKnownFileType = sourcecode.c.h; path = RssCategoryViewCell.h; sourceTree = "<group>"; };
		76D14F4F14E4C349007154D2 /* RssCategoryViewCell.m */ = {isa = PBXFileReference; fileEncoding = 4; lastKnownFileType = sourcecode.c.objc; path = RssCategoryViewCell.m; sourceTree = "<group>"; };
		76D14F5014E4C349007154D2 /* RssCategoryViewController.h */ = {isa = PBXFileReference; fileEncoding = 4; lastKnownFileType = sourcecode.c.h; path = RssCategoryViewController.h; sourceTree = "<group>"; };
		76D14F5114E4C349007154D2 /* RssCategoryViewController.m */ = {isa = PBXFileReference; fileEncoding = 4; lastKnownFileType = sourcecode.c.objc; path = RssCategoryViewController.m; sourceTree = "<group>"; };
		76D14F5214E4C349007154D2 /* RssFeedDetailViewController.h */ = {isa = PBXFileReference; fileEncoding = 4; lastKnownFileType = sourcecode.c.h; path = RssFeedDetailViewController.h; sourceTree = "<group>"; };
		76D14F5314E4C349007154D2 /* RssFeedDetailViewController.m */ = {isa = PBXFileReference; fileEncoding = 4; lastKnownFileType = sourcecode.c.objc; path = RssFeedDetailViewController.m; sourceTree = "<group>"; };
		76D14F5414E4C349007154D2 /* RssFeedViewCell.h */ = {isa = PBXFileReference; fileEncoding = 4; lastKnownFileType = sourcecode.c.h; path = RssFeedViewCell.h; sourceTree = "<group>"; };
		76D14F5514E4C349007154D2 /* RssFeedViewCell.m */ = {isa = PBXFileReference; fileEncoding = 4; lastKnownFileType = sourcecode.c.objc; path = RssFeedViewCell.m; sourceTree = "<group>"; };
		76D14F5614E4C349007154D2 /* RssFeedViewController.h */ = {isa = PBXFileReference; fileEncoding = 4; lastKnownFileType = sourcecode.c.h; path = RssFeedViewController.h; sourceTree = "<group>"; };
		76D14F5714E4C349007154D2 /* RssFeedViewController.m */ = {isa = PBXFileReference; fileEncoding = 4; lastKnownFileType = sourcecode.c.objc; path = RssFeedViewController.m; sourceTree = "<group>"; };
		76D14F5814E4C349007154D2 /* RssStoryListViewController.h */ = {isa = PBXFileReference; fileEncoding = 4; lastKnownFileType = sourcecode.c.h; path = RssStoryListViewController.h; sourceTree = "<group>"; };
		76D14F5914E4C349007154D2 /* RssStoryListViewController.m */ = {isa = PBXFileReference; fileEncoding = 4; lastKnownFileType = sourcecode.c.objc; path = RssStoryListViewController.m; sourceTree = "<group>"; };
		76D14F5A14E4C349007154D2 /* RssStoryViewCell.h */ = {isa = PBXFileReference; fileEncoding = 4; lastKnownFileType = sourcecode.c.h; path = RssStoryViewCell.h; sourceTree = "<group>"; };
		76D14F5B14E4C349007154D2 /* RssStoryViewCell.m */ = {isa = PBXFileReference; fileEncoding = 4; lastKnownFileType = sourcecode.c.objc; path = RssStoryViewCell.m; sourceTree = "<group>"; };
		76D14F5C14E4C349007154D2 /* RssStoryViewController.h */ = {isa = PBXFileReference; fileEncoding = 4; lastKnownFileType = sourcecode.c.h; path = RssStoryViewController.h; sourceTree = "<group>"; };
		76D14F5D14E4C349007154D2 /* RssStoryViewController.m */ = {isa = PBXFileReference; fileEncoding = 4; lastKnownFileType = sourcecode.c.objc; path = RssStoryViewController.m; sourceTree = "<group>"; };
		76D14F5E14E4C349007154D2 /* SdtSearchViewController.h */ = {isa = PBXFileReference; fileEncoding = 4; lastKnownFileType = sourcecode.c.h; path = SdtSearchViewController.h; sourceTree = "<group>"; };
		76D14F5F14E4C349007154D2 /* SdtSearchViewController.m */ = {isa = PBXFileReference; fileEncoding = 4; lastKnownFileType = sourcecode.c.objc; path = SdtSearchViewController.m; sourceTree = "<group>"; };
		76D14F6014E4C349007154D2 /* SdtViewController.h */ = {isa = PBXFileReference; fileEncoding = 4; lastKnownFileType = sourcecode.c.h; path = SdtViewController.h; sourceTree = "<group>"; };
		76D14F6114E4C349007154D2 /* SdtViewController.m */ = {isa = PBXFileReference; fileEncoding = 4; lastKnownFileType = sourcecode.c.objc; path = SdtViewController.m; sourceTree = "<group>"; };
		76D14F6214E4C349007154D2 /* SplashViewController.h */ = {isa = PBXFileReference; fileEncoding = 4; lastKnownFileType = sourcecode.c.h; path = SplashViewController.h; sourceTree = "<group>"; };
		76D14F6314E4C349007154D2 /* SplashViewController.m */ = {isa = PBXFileReference; fileEncoding = 4; lastKnownFileType = sourcecode.c.objc; path = SplashViewController.m; sourceTree = "<group>"; };
		76D14F6414E4C349007154D2 /* WebBrowserViewController.h */ = {isa = PBXFileReference; fileEncoding = 4; lastKnownFileType = sourcecode.c.h; path = WebBrowserViewController.h; sourceTree = "<group>"; };
		76D14F6514E4C349007154D2 /* WebBrowserViewController.m */ = {isa = PBXFileReference; fileEncoding = 4; lastKnownFileType = sourcecode.c.objc; path = WebBrowserViewController.m; sourceTree = "<group>"; };
		76D14F6714E4C349007154D2 /* RssCategoryDetailViewController.xib */ = {isa = PBXFileReference; fileEncoding = 4; lastKnownFileType = file.xib; path = RssCategoryDetailViewController.xib; sourceTree = "<group>"; };
		76D14F6814E4C349007154D2 /* RssCategoryViewController.xib */ = {isa = PBXFileReference; fileEncoding = 4; lastKnownFileType = file.xib; path = RssCategoryViewController.xib; sourceTree = "<group>"; };
		76D14F6914E4C349007154D2 /* RssFeedDetailViewController.xib */ = {isa = PBXFileReference; fileEncoding = 4; lastKnownFileType = file.xib; path = RssFeedDetailViewController.xib; sourceTree = "<group>"; };
		76D14F6A14E4C349007154D2 /* RssFeedViewController.xib */ = {isa = PBXFileReference; fileEncoding = 4; lastKnownFileType = file.xib; path = RssFeedViewController.xib; sourceTree = "<group>"; };
		76D14F6B14E4C349007154D2 /* RssStoryListViewController.xib */ = {isa = PBXFileReference; fileEncoding = 4; lastKnownFileType = file.xib; path = RssStoryListViewController.xib; sourceTree = "<group>"; };
		76D14F6C14E4C349007154D2 /* RssStoryViewController.xib */ = {isa = PBXFileReference; fileEncoding = 4; lastKnownFileType = file.xib; path = RssStoryViewController.xib; sourceTree = "<group>"; };
		76D14FBF14E4CDAB007154D2 /* libsqlite3.dylib */ = {isa = PBXFileReference; lastKnownFileType = "compiled.mach-o.dylib"; name = libsqlite3.dylib; path = usr/lib/libsqlite3.dylib; sourceTree = SDKROOT; };
		76D14FC514E4D357007154D2 /* SplashViewController.xib */ = {isa = PBXFileReference; fileEncoding = 4; lastKnownFileType = file.xib; path = SplashViewController.xib; sourceTree = "<group>"; };
/* End PBXFileReference section */

/* Begin PBXFrameworksBuildPhase section */
		76D14EDA14E4C2E1007154D2 /* Frameworks */ = {
			isa = PBXFrameworksBuildPhase;
			buildActionMask = 2147483647;
			files = (
				76D14FC014E4CDAD007154D2 /* libsqlite3.dylib in Frameworks */,
				76D14EE214E4C2E1007154D2 /* UIKit.framework in Frameworks */,
				76D14EE414E4C2E1007154D2 /* Foundation.framework in Frameworks */,
				76D14EE614E4C2E1007154D2 /* CoreGraphics.framework in Frameworks */,
			);
			runOnlyForDeploymentPostprocessing = 0;
		};
/* End PBXFrameworksBuildPhase section */

/* Begin PBXGroup section */
		76CE1AC214E4DB0900B1472D /* Libs */ = {
			isa = PBXGroup;
			children = (
				76D14FBF14E4CDAB007154D2 /* libsqlite3.dylib */,
			);
			name = Libs;
			sourceTree = "<group>";
		};
		76D14ED214E4C2E1007154D2 = {
			isa = PBXGroup;
			children = (
				76D14EE714E4C2E1007154D2 /* SdtReader */,
				76D14EE014E4C2E1007154D2 /* Frameworks */,
				76D14EDE14E4C2E1007154D2 /* Products */,
			);
			sourceTree = "<group>";
		};
		76D14EDE14E4C2E1007154D2 /* Products */ = {
			isa = PBXGroup;
			children = (
				76D14EDD14E4C2E1007154D2 /* SdtReader.app */,
			);
			name = Products;
			sourceTree = "<group>";
		};
		76D14EE014E4C2E1007154D2 /* Frameworks */ = {
			isa = PBXGroup;
			children = (
				76D14EE114E4C2E1007154D2 /* UIKit.framework */,
				76D14EE314E4C2E1007154D2 /* Foundation.framework */,
				76D14EE514E4C2E1007154D2 /* CoreGraphics.framework */,
			);
			name = Frameworks;
			sourceTree = "<group>";
		};
		76D14EE714E4C2E1007154D2 /* SdtReader */ = {
			isa = PBXGroup;
			children = (
				76CE1AC214E4DB0900B1472D /* Libs */,
				76D14EF814E4C349007154D2 /* Assets */,
				76D14EFA14E4C349007154D2 /* Images */,
				76D14F2814E4C349007154D2 /* Src */,
				76D14F6614E4C349007154D2 /* XIBs */,
				76D14EF014E4C2E1007154D2 /* AppDelegate.h */,
				76D14EF114E4C2E1007154D2 /* AppDelegate.m */,
				76D14EE814E4C2E1007154D2 /* Supporting Files */,
			);
			path = SdtReader;
			sourceTree = "<group>";
		};
		76D14EE814E4C2E1007154D2 /* Supporting Files */ = {
			isa = PBXGroup;
			children = (
				76D14EE914E4C2E1007154D2 /* SdtReader-Info.plist */,
				76D14EEA14E4C2E1007154D2 /* InfoPlist.strings */,
				76D14EED14E4C2E1007154D2 /* main.m */,
				76D14EEF14E4C2E1007154D2 /* SdtReader-Prefix.pch */,
			);
			name = "Supporting Files";
			sourceTree = "<group>";
		};
		76D14EF814E4C349007154D2 /* Assets */ = {
			isa = PBXGroup;
			children = (
				76D14EF914E4C349007154D2 /* sdtreader.db */,
			);
			path = Assets;
			sourceTree = SOURCE_ROOT;
		};
		76D14EFA14E4C349007154D2 /* Images */ = {
			isa = PBXGroup;
			children = (
				76D14EFB14E4C349007154D2 /* back_icon.png */,
				76D14EFC14E4C349007154D2 /* back_view.png */,
				76D14EFD14E4C349007154D2 /* cancel.png */,
				76D14EFE14E4C349007154D2 /* cancel_icon.png */,
				76D14EFF14E4C349007154D2 /* category32.png */,
				76D14F0014E4C349007154D2 /* category48.png */,
				76D14F0114E4C349007154D2 /* category_add_icon.png */,
				76D14F0214E4C349007154D2 /* edit.png */,
				76D14F0314E4C349007154D2 /* edit_icon.png */,
				76D14F0414E4C349007154D2 /* forward_icon.png */,
				76D14F0514E4C349007154D2 /* newsreader.jpg */,
				76D14F0614E4C349007154D2 /* open_icon.png */,
				76D14F0714E4C349007154D2 /* rss_blue.png */,
				76D14F0814E4C349007154D2 /* rss_feed_add.png */,
				76D14F0914E4C349007154D2 /* rss_feeds.jpg */,
				76D14F0A14E4C349007154D2 /* rss_green.png */,
				76D14F0B14E4C349007154D2 /* rss_grey.png */,
				76D14F0C14E4C349007154D2 /* rss_icon64.png */,
				76D14F0D14E4C349007154D2 /* rss_story.png */,
				76D14F0E14E4C349007154D2 /* rss_story_blue.png */,
				76D14F0F14E4C349007154D2 /* rss_story_green.png */,
				76D14F1014E4C349007154D2 /* rss_story_grey.png */,
				76D14F1114E4C349007154D2 /* rss_story_yellow.png */,
				76D14F1214E4C349007154D2 /* rss_yellow.png */,
				76D14F1314E4C349007154D2 /* save.png */,
				76D14F1414E4C349007154D2 /* save_icon.png */,
				76D14F1514E4C349007154D2 /* sdtreader_icon.png */,
				76D14F1614E4C349007154D2 /* search.png */,
				76D14F1714E4C349007154D2 /* star-black16.png */,
				76D14F1814E4C349007154D2 /* star-black32.png */,
				76D14F1914E4C349007154D2 /* star-blue16.png */,
				76D14F1A14E4C349007154D2 /* star-blue24.png */,
				76D14F1B14E4C349007154D2 /* star-gold16.png */,
				76D14F1C14E4C349007154D2 /* star-gold24.png */,
				76D14F1D14E4C349007154D2 /* star-gold48.png */,
				76D14F1E14E4C349007154D2 /* star-green16.png */,
				76D14F1F14E4C349007154D2 /* star-purple16.png */,
				76D14F2014E4C349007154D2 /* star-red16.png */,
				76D14F2114E4C349007154D2 /* star-white16.png */,
				76D14F2214E4C349007154D2 /* star-white24.png */,
				76D14F2314E4C349007154D2 /* star-white32.png */,
				76D14F2414E4C349007154D2 /* star-white48.png */,
				76D14F2514E4C349007154D2 /* view.png */,
				76D14F2614E4C349007154D2 /* view_icon.png */,
				76D14F2714E4C349007154D2 /* web_browser_icon.png */,
			);
			path = Images;
			sourceTree = SOURCE_ROOT;
		};
		76D14F2814E4C349007154D2 /* Src */ = {
			isa = PBXGroup;
			children = (
				76D14F2914E4C349007154D2 /* Controls */,
				76D14F2C14E4C349007154D2 /* Delegators */,
				76D14F3014E4C349007154D2 /* Global */,
				76D14F3414E4C349007154D2 /* Models */,
				76D14F4914E4C349007154D2 /* ViewControllers */,
			);
			path = Src;
			sourceTree = SOURCE_ROOT;
		};
		76D14F2914E4C349007154D2 /* Controls */ = {
			isa = PBXGroup;
			children = (
				76D14F2A14E4C349007154D2 /* RateButton.h */,
				76D14F2B14E4C349007154D2 /* RateButton.m */,
			);
			path = Controls;
			sourceTree = "<group>";
		};
		76D14F2C14E4C349007154D2 /* Delegators */ = {
			isa = PBXGroup;
			children = (
				76D14F2D14E4C349007154D2 /* ModalViewControllerDelegate.h */,
			);
			path = Delegators;
			sourceTree = "<group>";
		};
		76D14F3014E4C349007154D2 /* Global */ = {
			isa = PBXGroup;
			children = (
				76D14F3114E4C349007154D2 /* Common.h */,
				76D14F3214E4C349007154D2 /* Common.m */,
			);
			path = Global;
			sourceTree = "<group>";
		};
		76D14F3414E4C349007154D2 /* Models */ = {
			isa = PBXGroup;
			children = (
				76D14F3514E4C349007154D2 /* ReaderModel.h */,
				76D14F3614E4C349007154D2 /* ReaderModel.m */,
				76D14F3714E4C349007154D2 /* RssCategory.h */,
				76D14F3814E4C349007154D2 /* RssCategory.m */,
				76D14F3914E4C349007154D2 /* RssCategoryDAO.h */,
				76D14F3A14E4C349007154D2 /* RssCategoryDAO.m */,
				76D14F3B14E4C349007154D2 /* RssCategoryModel.h */,
				76D14F3C14E4C349007154D2 /* RssCategoryModel.m */,
				76D14F3D14E4C349007154D2 /* RssFeed.h */,
				76D14F3E14E4C349007154D2 /* RssFeed.m */,
				76D14F3F14E4C349007154D2 /* RssFeedDAO.h */,
				76D14F4014E4C349007154D2 /* RssFeedDAO.m */,
				76D14F4114E4C349007154D2 /* RssFeedModel.h */,
				76D14F4214E4C349007154D2 /* RssFeedModel.m */,
				76D14F4314E4C349007154D2 /* RssParser.h */,
				76D14F4414E4C349007154D2 /* RssParser.m */,
				76D14F4514E4C349007154D2 /* RssStory.h */,
				76D14F4614E4C349007154D2 /* RssStory.m */,
				76D14F4714E4C349007154D2 /* RssStoryModel.h */,
				76D14F4814E4C349007154D2 /* RssStoryModel.m */,
			);
			path = Models;
			sourceTree = "<group>";
		};
		76D14F4914E4C349007154D2 /* ViewControllers */ = {
			isa = PBXGroup;
			children = (
				76D14F4A14E4C349007154D2 /* ModelessViewController.h */,
				76D14F4B14E4C349007154D2 /* ModelessViewController.m */,
				76D14F4C14E4C349007154D2 /* RssCategoryDetailViewController.h */,
				76D14F4D14E4C349007154D2 /* RssCategoryDetailViewController.m */,
				76D14F4E14E4C349007154D2 /* RssCategoryViewCell.h */,
				76D14F4F14E4C349007154D2 /* RssCategoryViewCell.m */,
				76D14F5014E4C349007154D2 /* RssCategoryViewController.h */,
				76D14F5114E4C349007154D2 /* RssCategoryViewController.m */,
				76D14F5214E4C349007154D2 /* RssFeedDetailViewController.h */,
				76D14F5314E4C349007154D2 /* RssFeedDetailViewController.m */,
				76D14F5414E4C349007154D2 /* RssFeedViewCell.h */,
				76D14F5514E4C349007154D2 /* RssFeedViewCell.m */,
				76D14F5614E4C349007154D2 /* RssFeedViewController.h */,
				76D14F5714E4C349007154D2 /* RssFeedViewController.m */,
				76D14F5814E4C349007154D2 /* RssStoryListViewController.h */,
				76D14F5914E4C349007154D2 /* RssStoryListViewController.m */,
				76D14F5A14E4C349007154D2 /* RssStoryViewCell.h */,
				76D14F5B14E4C349007154D2 /* RssStoryViewCell.m */,
				76D14F5C14E4C349007154D2 /* RssStoryViewController.h */,
				76D14F5D14E4C349007154D2 /* RssStoryViewController.m */,
				76D14F5E14E4C349007154D2 /* SdtSearchViewController.h */,
				76D14F5F14E4C349007154D2 /* SdtSearchViewController.m */,
				76D14F6014E4C349007154D2 /* SdtViewController.h */,
				76D14F6114E4C349007154D2 /* SdtViewController.m */,
				76D14F6214E4C349007154D2 /* SplashViewController.h */,
				76D14F6314E4C349007154D2 /* SplashViewController.m */,
				76D14F6414E4C349007154D2 /* WebBrowserViewController.h */,
				76D14F6514E4C349007154D2 /* WebBrowserViewController.m */,
			);
			path = ViewControllers;
			sourceTree = "<group>";
		};
		76D14F6614E4C349007154D2 /* XIBs */ = {
			isa = PBXGroup;
			children = (
				76D14F6714E4C349007154D2 /* RssCategoryDetailViewController.xib */,
				76D14F6814E4C349007154D2 /* RssCategoryViewController.xib */,
				76D14F6914E4C349007154D2 /* RssFeedDetailViewController.xib */,
				76D14F6A14E4C349007154D2 /* RssFeedViewController.xib */,
				76D14F6B14E4C349007154D2 /* RssStoryListViewController.xib */,
				76D14F6C14E4C349007154D2 /* RssStoryViewController.xib */,
				76D14FC514E4D357007154D2 /* SplashViewController.xib */,
			);
			path = XIBs;
			sourceTree = SOURCE_ROOT;
		};
/* End PBXGroup section */

/* Begin PBXNativeTarget section */
		76D14EDC14E4C2E1007154D2 /* SdtReader */ = {
			isa = PBXNativeTarget;
			buildConfigurationList = 76D14EF514E4C2E1007154D2 /* Build configuration list for PBXNativeTarget "SdtReader" */;
			buildPhases = (
				76D14ED914E4C2E1007154D2 /* Sources */,
				76D14EDA14E4C2E1007154D2 /* Frameworks */,
				76D14EDB14E4C2E1007154D2 /* Resources */,
			);
			buildRules = (
			);
			dependencies = (
			);
			name = SdtReader;
			productName = SdtReader;
			productReference = 76D14EDD14E4C2E1007154D2 /* SdtReader.app */;
			productType = "com.apple.product-type.application";
		};
/* End PBXNativeTarget section */

/* Begin PBXProject section */
		76D14ED414E4C2E1007154D2 /* Project object */ = {
			isa = PBXProject;
			attributes = {
				LastUpgradeCheck = 0420;
			};
			buildConfigurationList = 76D14ED714E4C2E1007154D2 /* Build configuration list for PBXProject "SdtReader" */;
			compatibilityVersion = "Xcode 3.2";
			developmentRegion = English;
			hasScannedForEncodings = 0;
			knownRegions = (
				en,
			);
			mainGroup = 76D14ED214E4C2E1007154D2;
			productRefGroup = 76D14EDE14E4C2E1007154D2 /* Products */;
			projectDirPath = "";
			projectRoot = "";
			targets = (
				76D14EDC14E4C2E1007154D2 /* SdtReader */,
			);
		};
/* End PBXProject section */

/* Begin PBXResourcesBuildPhase section */
		76D14EDB14E4C2E1007154D2 /* Resources */ = {
			isa = PBXResourcesBuildPhase;
			buildActionMask = 2147483647;
			files = (
				76D14EEC14E4C2E1007154D2 /* InfoPlist.strings in Resources */,
				76D14F6E14E4C349007154D2 /* sdtreader.db in Resources */,
				76D14F6F14E4C349007154D2 /* back_icon.png in Resources */,
				76D14F7014E4C349007154D2 /* back_view.png in Resources */,
				76D14F7114E4C349007154D2 /* cancel.png in Resources */,
				76D14F7214E4C349007154D2 /* cancel_icon.png in Resources */,
				76D14F7314E4C349007154D2 /* category32.png in Resources */,
				76D14F7414E4C349007154D2 /* category48.png in Resources */,
				76D14F7514E4C349007154D2 /* category_add_icon.png in Resources */,
				76D14F7614E4C349007154D2 /* edit.png in Resources */,
				76D14F7714E4C349007154D2 /* edit_icon.png in Resources */,
				76D14F7814E4C349007154D2 /* forward_icon.png in Resources */,
				76D14F7914E4C349007154D2 /* newsreader.jpg in Resources */,
				76D14F7A14E4C349007154D2 /* open_icon.png in Resources */,
				76D14F7B14E4C349007154D2 /* rss_blue.png in Resources */,
				76D14F7C14E4C349007154D2 /* rss_feed_add.png in Resources */,
				76D14F7D14E4C349007154D2 /* rss_feeds.jpg in Resources */,
				76D14F7E14E4C349007154D2 /* rss_green.png in Resources */,
				76D14F7F14E4C349007154D2 /* rss_grey.png in Resources */,
				76D14F8014E4C349007154D2 /* rss_icon64.png in Resources */,
				76D14F8114E4C349007154D2 /* rss_story.png in Resources */,
				76D14F8214E4C349007154D2 /* rss_story_blue.png in Resources */,
				76D14F8314E4C349007154D2 /* rss_story_green.png in Resources */,
				76D14F8414E4C349007154D2 /* rss_story_grey.png in Resources */,
				76D14F8514E4C349007154D2 /* rss_story_yellow.png in Resources */,
				76D14F8614E4C349007154D2 /* rss_yellow.png in Resources */,
				76D14F8714E4C349007154D2 /* save.png in Resources */,
				76D14F8814E4C349007154D2 /* save_icon.png in Resources */,
				76D14F8914E4C349007154D2 /* sdtreader_icon.png in Resources */,
				76D14F8A14E4C349007154D2 /* search.png in Resources */,
				76D14F8B14E4C349007154D2 /* star-black16.png in Resources */,
				76D14F8C14E4C349007154D2 /* star-black32.png in Resources */,
				76D14F8D14E4C349007154D2 /* star-blue16.png in Resources */,
				76D14F8E14E4C349007154D2 /* star-blue24.png in Resources */,
				76D14F8F14E4C349007154D2 /* star-gold16.png in Resources */,
				76D14F9014E4C349007154D2 /* star-gold24.png in Resources */,
				76D14F9114E4C349007154D2 /* star-gold48.png in Resources */,
				76D14F9214E4C349007154D2 /* star-green16.png in Resources */,
				76D14F9314E4C349007154D2 /* star-purple16.png in Resources */,
				76D14F9414E4C349007154D2 /* star-red16.png in Resources */,
				76D14F9514E4C349007154D2 /* star-white16.png in Resources */,
				76D14F9614E4C349007154D2 /* star-white24.png in Resources */,
				76D14F9714E4C349007154D2 /* star-white32.png in Resources */,
				76D14F9814E4C349007154D2 /* star-white48.png in Resources */,
				76D14F9914E4C349007154D2 /* view.png in Resources */,
				76D14F9A14E4C349007154D2 /* view_icon.png in Resources */,
				76D14F9B14E4C349007154D2 /* web_browser_icon.png in Resources */,
				76D14FB814E4C349007154D2 /* RssCategoryDetailViewController.xib in Resources */,
				76D14FB914E4C349007154D2 /* RssCategoryViewController.xib in Resources */,
				76D14FBA14E4C349007154D2 /* RssFeedDetailViewController.xib in Resources */,
				76D14FBB14E4C349007154D2 /* RssFeedViewController.xib in Resources */,
				76D14FBC14E4C349007154D2 /* RssStoryListViewController.xib in Resources */,
				76D14FBD14E4C349007154D2 /* RssStoryViewController.xib in Resources */,
				76D14FC614E4D357007154D2 /* SplashViewController.xib in Resources */,
			);
			runOnlyForDeploymentPostprocessing = 0;
		};
/* End PBXResourcesBuildPhase section */

/* Begin PBXSourcesBuildPhase section */
		76D14ED914E4C2E1007154D2 /* Sources */ = {
			isa = PBXSourcesBuildPhase;
			buildActionMask = 2147483647;
			files = (
				76D14EEE14E4C2E1007154D2 /* main.m in Sources */,
				76D14EF214E4C2E1007154D2 /* AppDelegate.m in Sources */,
				76D14F9C14E4C349007154D2 /* RateButton.m in Sources */,
				76D14F9E14E4C349007154D2 /* Common.m in Sources */,
				76D14FA014E4C349007154D2 /* ReaderModel.m in Sources */,
				76D14FA114E4C349007154D2 /* RssCategory.m in Sources */,
				76D14FA214E4C349007154D2 /* RssCategoryDAO.m in Sources */,
				76D14FA314E4C349007154D2 /* RssCategoryModel.m in Sources */,
				76D14FA414E4C349007154D2 /* RssFeed.m in Sources */,
				76D14FA514E4C349007154D2 /* RssFeedDAO.m in Sources */,
				76D14FA614E4C349007154D2 /* RssFeedModel.m in Sources */,
				76D14FA714E4C349007154D2 /* RssParser.m in Sources */,
				76D14FA814E4C349007154D2 /* RssStory.m in Sources */,
				76D14FA914E4C349007154D2 /* RssStoryModel.m in Sources */,
				76D14FAA14E4C349007154D2 /* ModelessViewController.m in Sources */,
				76D14FAB14E4C349007154D2 /* RssCategoryDetailViewController.m in Sources */,
				76D14FAC14E4C349007154D2 /* RssCategoryViewCell.m in Sources */,
				76D14FAD14E4C349007154D2 /* RssCategoryViewController.m in Sources */,
				76D14FAE14E4C349007154D2 /* RssFeedDetailViewController.m in Sources */,
				76D14FAF14E4C349007154D2 /* RssFeedViewCell.m in Sources */,
				76D14FB014E4C349007154D2 /* RssFeedViewController.m in Sources */,
				76D14FB114E4C349007154D2 /* RssStoryListViewController.m in Sources */,
				76D14FB214E4C349007154D2 /* RssStoryViewCell.m in Sources */,
				76D14FB314E4C349007154D2 /* RssStoryViewController.m in Sources */,
				76D14FB414E4C349007154D2 /* SdtSearchViewController.m in Sources */,
				76D14FB514E4C349007154D2 /* SdtViewController.m in Sources */,
				76D14FB614E4C349007154D2 /* SplashViewController.m in Sources */,
				76D14FB714E4C349007154D2 /* WebBrowserViewController.m in Sources */,
			);
			runOnlyForDeploymentPostprocessing = 0;
		};
/* End PBXSourcesBuildPhase section */

/* Begin PBXVariantGroup section */
		76D14EEA14E4C2E1007154D2 /* InfoPlist.strings */ = {
			isa = PBXVariantGroup;
			children = (
				76D14EEB14E4C2E1007154D2 /* en */,
			);
			name = InfoPlist.strings;
			sourceTree = "<group>";
		};
/* End PBXVariantGroup section */

/* Begin XCBuildConfiguration section */
		76D14EF314E4C2E1007154D2 /* Debug */ = {
			isa = XCBuildConfiguration;
			buildSettings = {
				ALWAYS_SEARCH_USER_PATHS = NO;
				ARCHS = "$(ARCHS_STANDARD_32_BIT)";
				CLANG_ENABLE_OBJC_ARC = YES;
				"CODE_SIGN_IDENTITY[sdk=iphoneos*]" = "iPhone Developer";
				COPY_PHASE_STRIP = NO;
				GCC_C_LANGUAGE_STANDARD = gnu99;
				GCC_DYNAMIC_NO_PIC = NO;
				GCC_OPTIMIZATION_LEVEL = 0;
				GCC_PREPROCESSOR_DEFINITIONS = (
					"DEBUG=1",
					"$(inherited)",
				);
				GCC_SYMBOLS_PRIVATE_EXTERN = NO;
				GCC_VERSION = com.apple.compilers.llvm.clang.1_0;
				GCC_WARN_ABOUT_MISSING_PROTOTYPES = YES;
				GCC_WARN_ABOUT_RETURN_TYPE = YES;
				GCC_WARN_UNUSED_VARIABLE = YES;
				IPHONEOS_DEPLOYMENT_TARGET = 5.0;
				SDKROOT = iphoneos;
			};
			name = Debug;
		};
		76D14EF414E4C2E1007154D2 /* Release */ = {
			isa = XCBuildConfiguration;
			buildSettings = {
				ALWAYS_SEARCH_USER_PATHS = NO;
				ARCHS = "$(ARCHS_STANDARD_32_BIT)";
				CLANG_ENABLE_OBJC_ARC = YES;
				"CODE_SIGN_IDENTITY[sdk=iphoneos*]" = "iPhone Developer";
				COPY_PHASE_STRIP = YES;
				GCC_C_LANGUAGE_STANDARD = gnu99;
				GCC_VERSION = com.apple.compilers.llvm.clang.1_0;
				GCC_WARN_ABOUT_MISSING_PROTOTYPES = YES;
				GCC_WARN_ABOUT_RETURN_TYPE = YES;
				GCC_WARN_UNUSED_VARIABLE = YES;
				IPHONEOS_DEPLOYMENT_TARGET = 5.0;
				OTHER_CFLAGS = "-DNS_BLOCK_ASSERTIONS=1";
				SDKROOT = iphoneos;
				VALIDATE_PRODUCT = YES;
			};
			name = Release;
		};
		76D14EF614E4C2E1007154D2 /* Debug */ = {
			isa = XCBuildConfiguration;
			buildSettings = {
				GCC_PRECOMPILE_PREFIX_HEADER = YES;
				GCC_PREFIX_HEADER = "SdtReader/SdtReader-Prefix.pch";
				INFOPLIST_FILE = "SdtReader/SdtReader-Info.plist";
				PRODUCT_NAME = "$(TARGET_NAME)";
				WRAPPER_EXTENSION = app;
			};
			name = Debug;
		};
		76D14EF714E4C2E1007154D2 /* Release */ = {
			isa = XCBuildConfiguration;
			buildSettings = {
				GCC_PRECOMPILE_PREFIX_HEADER = YES;
				GCC_PREFIX_HEADER = "SdtReader/SdtReader-Prefix.pch";
				INFOPLIST_FILE = "SdtReader/SdtReader-Info.plist";
				PRODUCT_NAME = "$(TARGET_NAME)";
				WRAPPER_EXTENSION = app;
			};
			name = Release;
		};
/* End XCBuildConfiguration section */

/* Begin XCConfigurationList section */
		76D14ED714E4C2E1007154D2 /* Build configuration list for PBXProject "SdtReader" */ = {
			isa = XCConfigurationList;
			buildConfigurations = (
				76D14EF314E4C2E1007154D2 /* Debug */,
				76D14EF414E4C2E1007154D2 /* Release */,
			);
			defaultConfigurationIsVisible = 0;
			defaultConfigurationName = Release;
		};
		76D14EF514E4C2E1007154D2 /* Build configuration list for PBXNativeTarget "SdtReader" */ = {
			isa = XCConfigurationList;
			buildConfigurations = (
				76D14EF614E4C2E1007154D2 /* Debug */,
				76D14EF714E4C2E1007154D2 /* Release */,
			);
			defaultConfigurationIsVisible = 0;
			defaultConfigurationName = Release;
		};
/* End XCConfigurationList section */
	};
	rootObject = 76D14ED414E4C2E1007154D2 /* Project object */;
}
