// !$*UTF8*$!
{
	archiveVersion = 1;
	classes = {
	};
	objectVersion = 46;
	objects = {

/* Begin PBXBuildFile section */
		76E3BED814FB50F4006E953C /* UIKit.framework in Frameworks */ = {isa = PBXBuildFile; fileRef = 76E3BED714FB50F3006E953C /* UIKit.framework */; };
		76E3BEDA14FB50F4006E953C /* Foundation.framework in Frameworks */ = {isa = PBXBuildFile; fileRef = 76E3BED914FB50F4006E953C /* Foundation.framework */; };
		76E3BEDC14FB50F4006E953C /* CoreGraphics.framework in Frameworks */ = {isa = PBXBuildFile; fileRef = 76E3BEDB14FB50F4006E953C /* CoreGraphics.framework */; };
		76E3BEE214FB50F4006E953C /* InfoPlist.strings in Resources */ = {isa = PBXBuildFile; fileRef = 76E3BEE014FB50F4006E953C /* InfoPlist.strings */; };
		76E3BEE414FB50F4006E953C /* main.m in Sources */ = {isa = PBXBuildFile; fileRef = 76E3BEE314FB50F4006E953C /* main.m */; };
		76E3BEE814FB50F4006E953C /* AppDelegate.m in Sources */ = {isa = PBXBuildFile; fileRef = 76E3BEE714FB50F4006E953C /* AppDelegate.m */; };
		76E3BF3B14FB5155006E953C /* edit.jpg in Resources */ = {isa = PBXBuildFile; fileRef = 76E3BEEF14FB5155006E953C /* edit.jpg */; };
		76E3BF3C14FB5156006E953C /* newsreader.jpg in Resources */ = {isa = PBXBuildFile; fileRef = 76E3BEF014FB5155006E953C /* newsreader.jpg */; };
		76E3BF3D14FB5156006E953C /* rss_blue.png in Resources */ = {isa = PBXBuildFile; fileRef = 76E3BEF114FB5155006E953C /* rss_blue.png */; };
		76E3BF3E14FB5156006E953C /* rss_feed_add.png in Resources */ = {isa = PBXBuildFile; fileRef = 76E3BEF214FB5155006E953C /* rss_feed_add.png */; };
		76E3BF3F14FB5156006E953C /* rss_feeds.jpg in Resources */ = {isa = PBXBuildFile; fileRef = 76E3BEF314FB5155006E953C /* rss_feeds.jpg */; };
		76E3BF4014FB5156006E953C /* rss_green.png in Resources */ = {isa = PBXBuildFile; fileRef = 76E3BEF414FB5155006E953C /* rss_green.png */; };
		76E3BF4114FB5156006E953C /* rss_grey.png in Resources */ = {isa = PBXBuildFile; fileRef = 76E3BEF514FB5155006E953C /* rss_grey.png */; };
		76E3BF4214FB5156006E953C /* rss_story.png in Resources */ = {isa = PBXBuildFile; fileRef = 76E3BEF614FB5155006E953C /* rss_story.png */; };
		76E3BF4314FB5156006E953C /* rss_story_blue.png in Resources */ = {isa = PBXBuildFile; fileRef = 76E3BEF714FB5155006E953C /* rss_story_blue.png */; };
		76E3BF4414FB5156006E953C /* rss_story_green.png in Resources */ = {isa = PBXBuildFile; fileRef = 76E3BEF814FB5155006E953C /* rss_story_green.png */; };
		76E3BF4514FB5156006E953C /* rss_story_grey.png in Resources */ = {isa = PBXBuildFile; fileRef = 76E3BEF914FB5155006E953C /* rss_story_grey.png */; };
		76E3BF4614FB5156006E953C /* rss_story_yellow.png in Resources */ = {isa = PBXBuildFile; fileRef = 76E3BEFA14FB5155006E953C /* rss_story_yellow.png */; };
		76E3BF4714FB5156006E953C /* rss_yellow.png in Resources */ = {isa = PBXBuildFile; fileRef = 76E3BEFB14FB5155006E953C /* rss_yellow.png */; };
		76E3BF4814FB5156006E953C /* sdtreader_icon.png in Resources */ = {isa = PBXBuildFile; fileRef = 76E3BEFC14FB5155006E953C /* sdtreader_icon.png */; };
		76E3BF4914FB5156006E953C /* star-black16.png in Resources */ = {isa = PBXBuildFile; fileRef = 76E3BEFD14FB5155006E953C /* star-black16.png */; };
		76E3BF4A14FB5156006E953C /* star-black32.png in Resources */ = {isa = PBXBuildFile; fileRef = 76E3BEFE14FB5155006E953C /* star-black32.png */; };
		76E3BF4B14FB5156006E953C /* star-blue16.png in Resources */ = {isa = PBXBuildFile; fileRef = 76E3BEFF14FB5155006E953C /* star-blue16.png */; };
		76E3BF4C14FB5156006E953C /* star-blue24.png in Resources */ = {isa = PBXBuildFile; fileRef = 76E3BF0014FB5155006E953C /* star-blue24.png */; };
		76E3BF4D14FB5156006E953C /* star-gold16.png in Resources */ = {isa = PBXBuildFile; fileRef = 76E3BF0114FB5155006E953C /* star-gold16.png */; };
		76E3BF4E14FB5156006E953C /* star-gold48.png in Resources */ = {isa = PBXBuildFile; fileRef = 76E3BF0214FB5155006E953C /* star-gold48.png */; };
		76E3BF4F14FB5156006E953C /* star-green16.png in Resources */ = {isa = PBXBuildFile; fileRef = 76E3BF0314FB5155006E953C /* star-green16.png */; };
		76E3BF5014FB5156006E953C /* star-purple16.png in Resources */ = {isa = PBXBuildFile; fileRef = 76E3BF0414FB5155006E953C /* star-purple16.png */; };
		76E3BF5114FB5156006E953C /* star-red16.png in Resources */ = {isa = PBXBuildFile; fileRef = 76E3BF0514FB5155006E953C /* star-red16.png */; };
		76E3BF5214FB5156006E953C /* star-white16.png in Resources */ = {isa = PBXBuildFile; fileRef = 76E3BF0614FB5155006E953C /* star-white16.png */; };
		76E3BF5314FB5156006E953C /* star-white32.png in Resources */ = {isa = PBXBuildFile; fileRef = 76E3BF0714FB5155006E953C /* star-white32.png */; };
		76E3BF5414FB5156006E953C /* star-white48.png in Resources */ = {isa = PBXBuildFile; fileRef = 76E3BF0814FB5155006E953C /* star-white48.png */; };
		76E3BF5514FB5156006E953C /* view.jpg in Resources */ = {isa = PBXBuildFile; fileRef = 76E3BF0914FB5155006E953C /* view.jpg */; };
		76E3BF5614FB5156006E953C /* RateButton.m in Sources */ = {isa = PBXBuildFile; fileRef = 76E3BF0D14FB5155006E953C /* RateButton.m */; };
		76E3BF5814FB5156006E953C /* Common.m in Sources */ = {isa = PBXBuildFile; fileRef = 76E3BF1414FB5155006E953C /* Common.m */; };
		76E3BF5A14FB5156006E953C /* ReaderModel.m in Sources */ = {isa = PBXBuildFile; fileRef = 76E3BF1814FB5155006E953C /* ReaderModel.m */; };
		76E3BF5B14FB5156006E953C /* RssFeed.m in Sources */ = {isa = PBXBuildFile; fileRef = 76E3BF1A14FB5155006E953C /* RssFeed.m */; };
		76E3BF5C14FB5156006E953C /* RssFeedModel.m in Sources */ = {isa = PBXBuildFile; fileRef = 76E3BF1C14FB5155006E953C /* RssFeedModel.m */; };
		76E3BF5D14FB5156006E953C /* RssParser.m in Sources */ = {isa = PBXBuildFile; fileRef = 76E3BF1E14FB5155006E953C /* RssParser.m */; };
		76E3BF5E14FB5156006E953C /* RssStory.m in Sources */ = {isa = PBXBuildFile; fileRef = 76E3BF2014FB5155006E953C /* RssStory.m */; };
		76E3BF5F14FB5156006E953C /* RssStoryModel.m in Sources */ = {isa = PBXBuildFile; fileRef = 76E3BF2214FB5155006E953C /* RssStoryModel.m */; };
		76E3BF6014FB5156006E953C /* ModelessViewController.m in Sources */ = {isa = PBXBuildFile; fileRef = 76E3BF2514FB5155006E953C /* ModelessViewController.m */; };
		76E3BF6114FB5156006E953C /* RssFeedDetailViewController.m in Sources */ = {isa = PBXBuildFile; fileRef = 76E3BF2714FB5155006E953C /* RssFeedDetailViewController.m */; };
		76E3BF6214FB5156006E953C /* RssFeedViewCell.m in Sources */ = {isa = PBXBuildFile; fileRef = 76E3BF2914FB5155006E953C /* RssFeedViewCell.m */; };
		76E3BF6314FB5156006E953C /* RssReaderViewController.m in Sources */ = {isa = PBXBuildFile; fileRef = 76E3BF2B14FB5155006E953C /* RssReaderViewController.m */; };
		76E3BF6414FB5156006E953C /* RssStoryListViewController.m in Sources */ = {isa = PBXBuildFile; fileRef = 76E3BF2D14FB5155006E953C /* RssStoryListViewController.m */; };
		76E3BF6514FB5156006E953C /* RssStoryViewCell.m in Sources */ = {isa = PBXBuildFile; fileRef = 76E3BF2F14FB5155006E953C /* RssStoryViewCell.m */; };
		76E3BF6614FB5156006E953C /* RssStoryViewController.m in Sources */ = {isa = PBXBuildFile; fileRef = 76E3BF3114FB5155006E953C /* RssStoryViewController.m */; };
		76E3BF6714FB5156006E953C /* SdtViewController.m in Sources */ = {isa = PBXBuildFile; fileRef = 76E3BF3314FB5155006E953C /* SdtViewController.m */; };
		76E3BF6814FB5156006E953C /* WebBrowserViewController.m in Sources */ = {isa = PBXBuildFile; fileRef = 76E3BF3514FB5155006E953C /* WebBrowserViewController.m */; };
		76E3BF6914FB5156006E953C /* RssFeedDetailViewController.xib in Resources */ = {isa = PBXBuildFile; fileRef = 76E3BF3714FB5155006E953C /* RssFeedDetailViewController.xib */; };
		76E3BF6A14FB5156006E953C /* RssReaderViewController.xib in Resources */ = {isa = PBXBuildFile; fileRef = 76E3BF3814FB5155006E953C /* RssReaderViewController.xib */; };
		76E3BF6B14FB5156006E953C /* RssStoryListViewController.xib in Resources */ = {isa = PBXBuildFile; fileRef = 76E3BF3914FB5155006E953C /* RssStoryListViewController.xib */; };
		76E3BF6C14FB5156006E953C /* RssStoryViewController.xib in Resources */ = {isa = PBXBuildFile; fileRef = 76E3BF3A14FB5155006E953C /* RssStoryViewController.xib */; };
/* End PBXBuildFile section */

/* Begin PBXFileReference section */
		76E3BED314FB50F3006E953C /* SdtReader.app */ = {isa = PBXFileReference; explicitFileType = wrapper.application; includeInIndex = 0; path = SdtReader.app; sourceTree = BUILT_PRODUCTS_DIR; };
		76E3BED714FB50F3006E953C /* UIKit.framework */ = {isa = PBXFileReference; lastKnownFileType = wrapper.framework; name = UIKit.framework; path = System/Library/Frameworks/UIKit.framework; sourceTree = SDKROOT; };
		76E3BED914FB50F4006E953C /* Foundation.framework */ = {isa = PBXFileReference; lastKnownFileType = wrapper.framework; name = Foundation.framework; path = System/Library/Frameworks/Foundation.framework; sourceTree = SDKROOT; };
		76E3BEDB14FB50F4006E953C /* CoreGraphics.framework */ = {isa = PBXFileReference; lastKnownFileType = wrapper.framework; name = CoreGraphics.framework; path = System/Library/Frameworks/CoreGraphics.framework; sourceTree = SDKROOT; };
		76E3BEDF14FB50F4006E953C /* SdtReader-Info.plist */ = {isa = PBXFileReference; lastKnownFileType = text.plist.xml; path = "SdtReader-Info.plist"; sourceTree = "<group>"; };
		76E3BEE114FB50F4006E953C /* en */ = {isa = PBXFileReference; lastKnownFileType = text.plist.strings; name = en; path = en.lproj/InfoPlist.strings; sourceTree = "<group>"; };
		76E3BEE314FB50F4006E953C /* main.m */ = {isa = PBXFileReference; lastKnownFileType = sourcecode.c.objc; path = main.m; sourceTree = "<group>"; };
		76E3BEE514FB50F4006E953C /* SdtReader-Prefix.pch */ = {isa = PBXFileReference; lastKnownFileType = sourcecode.c.h; path = "SdtReader-Prefix.pch"; sourceTree = "<group>"; };
		76E3BEE614FB50F4006E953C /* AppDelegate.h */ = {isa = PBXFileReference; lastKnownFileType = sourcecode.c.h; path = AppDelegate.h; sourceTree = "<group>"; };
		76E3BEE714FB50F4006E953C /* AppDelegate.m */ = {isa = PBXFileReference; lastKnownFileType = sourcecode.c.objc; path = AppDelegate.m; sourceTree = "<group>"; };
		76E3BEEF14FB5155006E953C /* edit.jpg */ = {isa = PBXFileReference; lastKnownFileType = image.jpeg; path = edit.jpg; sourceTree = "<group>"; };
		76E3BEF014FB5155006E953C /* newsreader.jpg */ = {isa = PBXFileReference; lastKnownFileType = image.jpeg; path = newsreader.jpg; sourceTree = "<group>"; };
		76E3BEF114FB5155006E953C /* rss_blue.png */ = {isa = PBXFileReference; lastKnownFileType = image.png; path = rss_blue.png; sourceTree = "<group>"; };
		76E3BEF214FB5155006E953C /* rss_feed_add.png */ = {isa = PBXFileReference; lastKnownFileType = image.png; path = rss_feed_add.png; sourceTree = "<group>"; };
		76E3BEF314FB5155006E953C /* rss_feeds.jpg */ = {isa = PBXFileReference; lastKnownFileType = image.jpeg; path = rss_feeds.jpg; sourceTree = "<group>"; };
		76E3BEF414FB5155006E953C /* rss_green.png */ = {isa = PBXFileReference; lastKnownFileType = image.png; path = rss_green.png; sourceTree = "<group>"; };
		76E3BEF514FB5155006E953C /* rss_grey.png */ = {isa = PBXFileReference; lastKnownFileType = image.png; path = rss_grey.png; sourceTree = "<group>"; };
		76E3BEF614FB5155006E953C /* rss_story.png */ = {isa = PBXFileReference; lastKnownFileType = image.png; path = rss_story.png; sourceTree = "<group>"; };
		76E3BEF714FB5155006E953C /* rss_story_blue.png */ = {isa = PBXFileReference; lastKnownFileType = image.png; path = rss_story_blue.png; sourceTree = "<group>"; };
		76E3BEF814FB5155006E953C /* rss_story_green.png */ = {isa = PBXFileReference; lastKnownFileType = image.png; path = rss_story_green.png; sourceTree = "<group>"; };
		76E3BEF914FB5155006E953C /* rss_story_grey.png */ = {isa = PBXFileReference; lastKnownFileType = image.png; path = rss_story_grey.png; sourceTree = "<group>"; };
		76E3BEFA14FB5155006E953C /* rss_story_yellow.png */ = {isa = PBXFileReference; lastKnownFileType = image.png; path = rss_story_yellow.png; sourceTree = "<group>"; };
		76E3BEFB14FB5155006E953C /* rss_yellow.png */ = {isa = PBXFileReference; lastKnownFileType = image.png; path = rss_yellow.png; sourceTree = "<group>"; };
		76E3BEFC14FB5155006E953C /* sdtreader_icon.png */ = {isa = PBXFileReference; lastKnownFileType = image.png; path = sdtreader_icon.png; sourceTree = "<group>"; };
		76E3BEFD14FB5155006E953C /* star-black16.png */ = {isa = PBXFileReference; lastKnownFileType = image.png; path = "star-black16.png"; sourceTree = "<group>"; };
		76E3BEFE14FB5155006E953C /* star-black32.png */ = {isa = PBXFileReference; lastKnownFileType = image.png; path = "star-black32.png"; sourceTree = "<group>"; };
		76E3BEFF14FB5155006E953C /* star-blue16.png */ = {isa = PBXFileReference; lastKnownFileType = image.png; path = "star-blue16.png"; sourceTree = "<group>"; };
		76E3BF0014FB5155006E953C /* star-blue24.png */ = {isa = PBXFileReference; lastKnownFileType = image.png; path = "star-blue24.png"; sourceTree = "<group>"; };
		76E3BF0114FB5155006E953C /* star-gold16.png */ = {isa = PBXFileReference; lastKnownFileType = image.png; path = "star-gold16.png"; sourceTree = "<group>"; };
		76E3BF0214FB5155006E953C /* star-gold48.png */ = {isa = PBXFileReference; lastKnownFileType = image.png; path = "star-gold48.png"; sourceTree = "<group>"; };
		76E3BF0314FB5155006E953C /* star-green16.png */ = {isa = PBXFileReference; lastKnownFileType = image.png; path = "star-green16.png"; sourceTree = "<group>"; };
		76E3BF0414FB5155006E953C /* star-purple16.png */ = {isa = PBXFileReference; lastKnownFileType = image.png; path = "star-purple16.png"; sourceTree = "<group>"; };
		76E3BF0514FB5155006E953C /* star-red16.png */ = {isa = PBXFileReference; lastKnownFileType = image.png; path = "star-red16.png"; sourceTree = "<group>"; };
		76E3BF0614FB5155006E953C /* star-white16.png */ = {isa = PBXFileReference; lastKnownFileType = image.png; path = "star-white16.png"; sourceTree = "<group>"; };
		76E3BF0714FB5155006E953C /* star-white32.png */ = {isa = PBXFileReference; lastKnownFileType = image.png; path = "star-white32.png"; sourceTree = "<group>"; };
		76E3BF0814FB5155006E953C /* star-white48.png */ = {isa = PBXFileReference; lastKnownFileType = image.png; path = "star-white48.png"; sourceTree = "<group>"; };
		76E3BF0914FB5155006E953C /* view.jpg */ = {isa = PBXFileReference; lastKnownFileType = image.jpeg; path = view.jpg; sourceTree = "<group>"; };
		76E3BF0C14FB5155006E953C /* RateButton.h */ = {isa = PBXFileReference; fileEncoding = 4; lastKnownFileType = sourcecode.c.h; path = RateButton.h; sourceTree = "<group>"; };
		76E3BF0D14FB5155006E953C /* RateButton.m */ = {isa = PBXFileReference; fileEncoding = 4; lastKnownFileType = sourcecode.c.objc; path = RateButton.m; sourceTree = "<group>"; };
		76E3BF0F14FB5155006E953C /* ModalViewControllerDelegate.h */ = {isa = PBXFileReference; fileEncoding = 4; lastKnownFileType = sourcecode.c.h; path = ModalViewControllerDelegate.h; sourceTree = "<group>"; };
		76E3BF1314FB5155006E953C /* Common.h */ = {isa = PBXFileReference; fileEncoding = 4; lastKnownFileType = sourcecode.c.h; path = Common.h; sourceTree = "<group>"; };
		76E3BF1414FB5155006E953C /* Common.m */ = {isa = PBXFileReference; fileEncoding = 4; lastKnownFileType = sourcecode.c.objc; path = Common.m; sourceTree = "<group>"; };
		76E3BF1714FB5155006E953C /* ReaderModel.h */ = {isa = PBXFileReference; fileEncoding = 4; lastKnownFileType = sourcecode.c.h; path = ReaderModel.h; sourceTree = "<group>"; };
		76E3BF1814FB5155006E953C /* ReaderModel.m */ = {isa = PBXFileReference; fileEncoding = 4; lastKnownFileType = sourcecode.c.objc; path = ReaderModel.m; sourceTree = "<group>"; };
		76E3BF1914FB5155006E953C /* RssFeed.h */ = {isa = PBXFileReference; fileEncoding = 4; lastKnownFileType = sourcecode.c.h; path = RssFeed.h; sourceTree = "<group>"; };
		76E3BF1A14FB5155006E953C /* RssFeed.m */ = {isa = PBXFileReference; fileEncoding = 4; lastKnownFileType = sourcecode.c.objc; path = RssFeed.m; sourceTree = "<group>"; };
		76E3BF1B14FB5155006E953C /* RssFeedModel.h */ = {isa = PBXFileReference; fileEncoding = 4; lastKnownFileType = sourcecode.c.h; path = RssFeedModel.h; sourceTree = "<group>"; };
		76E3BF1C14FB5155006E953C /* RssFeedModel.m */ = {isa = PBXFileReference; fileEncoding = 4; lastKnownFileType = sourcecode.c.objc; path = RssFeedModel.m; sourceTree = "<group>"; };
		76E3BF1D14FB5155006E953C /* RssParser.h */ = {isa = PBXFileReference; fileEncoding = 4; lastKnownFileType = sourcecode.c.h; path = RssParser.h; sourceTree = "<group>"; };
		76E3BF1E14FB5155006E953C /* RssParser.m */ = {isa = PBXFileReference; fileEncoding = 4; lastKnownFileType = sourcecode.c.objc; path = RssParser.m; sourceTree = "<group>"; };
		76E3BF1F14FB5155006E953C /* RssStory.h */ = {isa = PBXFileReference; fileEncoding = 4; lastKnownFileType = sourcecode.c.h; path = RssStory.h; sourceTree = "<group>"; };
		76E3BF2014FB5155006E953C /* RssStory.m */ = {isa = PBXFileReference; fileEncoding = 4; lastKnownFileType = sourcecode.c.objc; path = RssStory.m; sourceTree = "<group>"; };
		76E3BF2114FB5155006E953C /* RssStoryModel.h */ = {isa = PBXFileReference; fileEncoding = 4; lastKnownFileType = sourcecode.c.h; path = RssStoryModel.h; sourceTree = "<group>"; };
		76E3BF2214FB5155006E953C /* RssStoryModel.m */ = {isa = PBXFileReference; fileEncoding = 4; lastKnownFileType = sourcecode.c.objc; path = RssStoryModel.m; sourceTree = "<group>"; };
		76E3BF2414FB5155006E953C /* ModelessViewController.h */ = {isa = PBXFileReference; fileEncoding = 4; lastKnownFileType = sourcecode.c.h; path = ModelessViewController.h; sourceTree = "<group>"; };
		76E3BF2514FB5155006E953C /* ModelessViewController.m */ = {isa = PBXFileReference; fileEncoding = 4; lastKnownFileType = sourcecode.c.objc; path = ModelessViewController.m; sourceTree = "<group>"; };
		76E3BF2614FB5155006E953C /* RssFeedDetailViewController.h */ = {isa = PBXFileReference; fileEncoding = 4; lastKnownFileType = sourcecode.c.h; path = RssFeedDetailViewController.h; sourceTree = "<group>"; };
		76E3BF2714FB5155006E953C /* RssFeedDetailViewController.m */ = {isa = PBXFileReference; fileEncoding = 4; lastKnownFileType = sourcecode.c.objc; path = RssFeedDetailViewController.m; sourceTree = "<group>"; };
		76E3BF2814FB5155006E953C /* RssFeedViewCell.h */ = {isa = PBXFileReference; fileEncoding = 4; lastKnownFileType = sourcecode.c.h; path = RssFeedViewCell.h; sourceTree = "<group>"; };
		76E3BF2914FB5155006E953C /* RssFeedViewCell.m */ = {isa = PBXFileReference; fileEncoding = 4; lastKnownFileType = sourcecode.c.objc; path = RssFeedViewCell.m; sourceTree = "<group>"; };
		76E3BF2A14FB5155006E953C /* RssReaderViewController.h */ = {isa = PBXFileReference; fileEncoding = 4; lastKnownFileType = sourcecode.c.h; path = RssReaderViewController.h; sourceTree = "<group>"; };
		76E3BF2B14FB5155006E953C /* RssReaderViewController.m */ = {isa = PBXFileReference; fileEncoding = 4; lastKnownFileType = sourcecode.c.objc; path = RssReaderViewController.m; sourceTree = "<group>"; };
		76E3BF2C14FB5155006E953C /* RssStoryListViewController.h */ = {isa = PBXFileReference; fileEncoding = 4; lastKnownFileType = sourcecode.c.h; path = RssStoryListViewController.h; sourceTree = "<group>"; };
		76E3BF2D14FB5155006E953C /* RssStoryListViewController.m */ = {isa = PBXFileReference; fileEncoding = 4; lastKnownFileType = sourcecode.c.objc; path = RssStoryListViewController.m; sourceTree = "<group>"; };
		76E3BF2E14FB5155006E953C /* RssStoryViewCell.h */ = {isa = PBXFileReference; fileEncoding = 4; lastKnownFileType = sourcecode.c.h; path = RssStoryViewCell.h; sourceTree = "<group>"; };
		76E3BF2F14FB5155006E953C /* RssStoryViewCell.m */ = {isa = PBXFileReference; fileEncoding = 4; lastKnownFileType = sourcecode.c.objc; path = RssStoryViewCell.m; sourceTree = "<group>"; };
		76E3BF3014FB5155006E953C /* RssStoryViewController.h */ = {isa = PBXFileReference; fileEncoding = 4; lastKnownFileType = sourcecode.c.h; path = RssStoryViewController.h; sourceTree = "<group>"; };
		76E3BF3114FB5155006E953C /* RssStoryViewController.m */ = {isa = PBXFileReference; fileEncoding = 4; lastKnownFileType = sourcecode.c.objc; path = RssStoryViewController.m; sourceTree = "<group>"; };
		76E3BF3214FB5155006E953C /* SdtViewController.h */ = {isa = PBXFileReference; fileEncoding = 4; lastKnownFileType = sourcecode.c.h; path = SdtViewController.h; sourceTree = "<group>"; };
		76E3BF3314FB5155006E953C /* SdtViewController.m */ = {isa = PBXFileReference; fileEncoding = 4; lastKnownFileType = sourcecode.c.objc; path = SdtViewController.m; sourceTree = "<group>"; };
		76E3BF3414FB5155006E953C /* WebBrowserViewController.h */ = {isa = PBXFileReference; fileEncoding = 4; lastKnownFileType = sourcecode.c.h; path = WebBrowserViewController.h; sourceTree = "<group>"; };
		76E3BF3514FB5155006E953C /* WebBrowserViewController.m */ = {isa = PBXFileReference; fileEncoding = 4; lastKnownFileType = sourcecode.c.objc; path = WebBrowserViewController.m; sourceTree = "<group>"; };
		76E3BF3714FB5155006E953C /* RssFeedDetailViewController.xib */ = {isa = PBXFileReference; fileEncoding = 4; lastKnownFileType = file.xib; path = RssFeedDetailViewController.xib; sourceTree = "<group>"; };
		76E3BF3814FB5155006E953C /* RssReaderViewController.xib */ = {isa = PBXFileReference; fileEncoding = 4; lastKnownFileType = file.xib; path = RssReaderViewController.xib; sourceTree = "<group>"; };
		76E3BF3914FB5155006E953C /* RssStoryListViewController.xib */ = {isa = PBXFileReference; fileEncoding = 4; lastKnownFileType = file.xib; path = RssStoryListViewController.xib; sourceTree = "<group>"; };
		76E3BF3A14FB5155006E953C /* RssStoryViewController.xib */ = {isa = PBXFileReference; fileEncoding = 4; lastKnownFileType = file.xib; path = RssStoryViewController.xib; sourceTree = "<group>"; };
/* End PBXFileReference section */

/* Begin PBXFrameworksBuildPhase section */
		76E3BED014FB50F3006E953C /* Frameworks */ = {
			isa = PBXFrameworksBuildPhase;
			buildActionMask = 2147483647;
			files = (
				76E3BED814FB50F4006E953C /* UIKit.framework in Frameworks */,
				76E3BEDA14FB50F4006E953C /* Foundation.framework in Frameworks */,
				76E3BEDC14FB50F4006E953C /* CoreGraphics.framework in Frameworks */,
			);
			runOnlyForDeploymentPostprocessing = 0;
		};
/* End PBXFrameworksBuildPhase section */

/* Begin PBXGroup section */
		76E3BEC814FB50F3006E953C = {
			isa = PBXGroup;
			children = (
				76E3BEDD14FB50F4006E953C /* SdtReader */,
				76E3BED614FB50F3006E953C /* Frameworks */,
				76E3BED414FB50F3006E953C /* Products */,
			);
			sourceTree = "<group>";
		};
		76E3BED414FB50F3006E953C /* Products */ = {
			isa = PBXGroup;
			children = (
				76E3BED314FB50F3006E953C /* SdtReader.app */,
			);
			name = Products;
			sourceTree = "<group>";
		};
		76E3BED614FB50F3006E953C /* Frameworks */ = {
			isa = PBXGroup;
			children = (
				76E3BED714FB50F3006E953C /* UIKit.framework */,
				76E3BED914FB50F4006E953C /* Foundation.framework */,
				76E3BEDB14FB50F4006E953C /* CoreGraphics.framework */,
			);
			name = Frameworks;
			sourceTree = "<group>";
		};
		76E3BEDD14FB50F4006E953C /* SdtReader */ = {
			isa = PBXGroup;
			children = (
				76E3BEEE14FB5155006E953C /* Images */,
				76E3BF0A14FB5155006E953C /* Src */,
				76E3BF3614FB5155006E953C /* XIBs */,
				76E3BEE614FB50F4006E953C /* AppDelegate.h */,
				76E3BEE714FB50F4006E953C /* AppDelegate.m */,
				76E3BEDE14FB50F4006E953C /* Supporting Files */,
			);
			path = SdtReader;
			sourceTree = "<group>";
		};
		76E3BEDE14FB50F4006E953C /* Supporting Files */ = {
			isa = PBXGroup;
			children = (
				76E3BEDF14FB50F4006E953C /* SdtReader-Info.plist */,
				76E3BEE014FB50F4006E953C /* InfoPlist.strings */,
				76E3BEE314FB50F4006E953C /* main.m */,
				76E3BEE514FB50F4006E953C /* SdtReader-Prefix.pch */,
			);
			name = "Supporting Files";
			sourceTree = "<group>";
		};
		76E3BEEE14FB5155006E953C /* Images */ = {
			isa = PBXGroup;
			children = (
				76E3BEEF14FB5155006E953C /* edit.jpg */,
				76E3BEF014FB5155006E953C /* newsreader.jpg */,
				76E3BEF114FB5155006E953C /* rss_blue.png */,
				76E3BEF214FB5155006E953C /* rss_feed_add.png */,
				76E3BEF314FB5155006E953C /* rss_feeds.jpg */,
				76E3BEF414FB5155006E953C /* rss_green.png */,
				76E3BEF514FB5155006E953C /* rss_grey.png */,
				76E3BEF614FB5155006E953C /* rss_story.png */,
				76E3BEF714FB5155006E953C /* rss_story_blue.png */,
				76E3BEF814FB5155006E953C /* rss_story_green.png */,
				76E3BEF914FB5155006E953C /* rss_story_grey.png */,
				76E3BEFA14FB5155006E953C /* rss_story_yellow.png */,
				76E3BEFB14FB5155006E953C /* rss_yellow.png */,
				76E3BEFC14FB5155006E953C /* sdtreader_icon.png */,
				76E3BEFD14FB5155006E953C /* star-black16.png */,
				76E3BEFE14FB5155006E953C /* star-black32.png */,
				76E3BEFF14FB5155006E953C /* star-blue16.png */,
				76E3BF0014FB5155006E953C /* star-blue24.png */,
				76E3BF0114FB5155006E953C /* star-gold16.png */,
				76E3BF0214FB5155006E953C /* star-gold48.png */,
				76E3BF0314FB5155006E953C /* star-green16.png */,
				76E3BF0414FB5155006E953C /* star-purple16.png */,
				76E3BF0514FB5155006E953C /* star-red16.png */,
				76E3BF0614FB5155006E953C /* star-white16.png */,
				76E3BF0714FB5155006E953C /* star-white32.png */,
				76E3BF0814FB5155006E953C /* star-white48.png */,
				76E3BF0914FB5155006E953C /* view.jpg */,
			);
			path = Images;
			sourceTree = SOURCE_ROOT;
		};
		76E3BF0A14FB5155006E953C /* Src */ = {
			isa = PBXGroup;
			children = (
				76E3BF0B14FB5155006E953C /* Controls */,
				76E3BF0E14FB5155006E953C /* Delegators */,
				76E3BF1214FB5155006E953C /* Global */,
				76E3BF1614FB5155006E953C /* Models */,
				76E3BF2314FB5155006E953C /* ViewControllers */,
			);
			path = Src;
			sourceTree = SOURCE_ROOT;
		};
		76E3BF0B14FB5155006E953C /* Controls */ = {
			isa = PBXGroup;
			children = (
				76E3BF0C14FB5155006E953C /* RateButton.h */,
				76E3BF0D14FB5155006E953C /* RateButton.m */,
			);
			path = Controls;
			sourceTree = "<group>";
		};
		76E3BF0E14FB5155006E953C /* Delegators */ = {
			isa = PBXGroup;
			children = (
				76E3BF0F14FB5155006E953C /* ModalViewControllerDelegate.h */,
			);
			path = Delegators;
			sourceTree = "<group>";
		};
		76E3BF1214FB5155006E953C /* Global */ = {
			isa = PBXGroup;
			children = (
				76E3BF1314FB5155006E953C /* Common.h */,
				76E3BF1414FB5155006E953C /* Common.m */,
			);
			path = Global;
			sourceTree = "<group>";
		};
		76E3BF1614FB5155006E953C /* Models */ = {
			isa = PBXGroup;
			children = (
				76E3BF1714FB5155006E953C /* ReaderModel.h */,
				76E3BF1814FB5155006E953C /* ReaderModel.m */,
				76E3BF1914FB5155006E953C /* RssFeed.h */,
				76E3BF1A14FB5155006E953C /* RssFeed.m */,
				76E3BF1B14FB5155006E953C /* RssFeedModel.h */,
				76E3BF1C14FB5155006E953C /* RssFeedModel.m */,
				76E3BF1D14FB5155006E953C /* RssParser.h */,
				76E3BF1E14FB5155006E953C /* RssParser.m */,
				76E3BF1F14FB5155006E953C /* RssStory.h */,
				76E3BF2014FB5155006E953C /* RssStory.m */,
				76E3BF2114FB5155006E953C /* RssStoryModel.h */,
				76E3BF2214FB5155006E953C /* RssStoryModel.m */,
			);
			path = Models;
			sourceTree = "<group>";
		};
		76E3BF2314FB5155006E953C /* ViewControllers */ = {
			isa = PBXGroup;
			children = (
				76E3BF2414FB5155006E953C /* ModelessViewController.h */,
				76E3BF2514FB5155006E953C /* ModelessViewController.m */,
				76E3BF2614FB5155006E953C /* RssFeedDetailViewController.h */,
				76E3BF2714FB5155006E953C /* RssFeedDetailViewController.m */,
				76E3BF2814FB5155006E953C /* RssFeedViewCell.h */,
				76E3BF2914FB5155006E953C /* RssFeedViewCell.m */,
				76E3BF2A14FB5155006E953C /* RssReaderViewController.h */,
				76E3BF2B14FB5155006E953C /* RssReaderViewController.m */,
				76E3BF2C14FB5155006E953C /* RssStoryListViewController.h */,
				76E3BF2D14FB5155006E953C /* RssStoryListViewController.m */,
				76E3BF2E14FB5155006E953C /* RssStoryViewCell.h */,
				76E3BF2F14FB5155006E953C /* RssStoryViewCell.m */,
				76E3BF3014FB5155006E953C /* RssStoryViewController.h */,
				76E3BF3114FB5155006E953C /* RssStoryViewController.m */,
				76E3BF3214FB5155006E953C /* SdtViewController.h */,
				76E3BF3314FB5155006E953C /* SdtViewController.m */,
				76E3BF3414FB5155006E953C /* WebBrowserViewController.h */,
				76E3BF3514FB5155006E953C /* WebBrowserViewController.m */,
			);
			path = ViewControllers;
			sourceTree = "<group>";
		};
		76E3BF3614FB5155006E953C /* XIBs */ = {
			isa = PBXGroup;
			children = (
				76E3BF3714FB5155006E953C /* RssFeedDetailViewController.xib */,
				76E3BF3814FB5155006E953C /* RssReaderViewController.xib */,
				76E3BF3914FB5155006E953C /* RssStoryListViewController.xib */,
				76E3BF3A14FB5155006E953C /* RssStoryViewController.xib */,
			);
			path = XIBs;
			sourceTree = SOURCE_ROOT;
		};
/* End PBXGroup section */

/* Begin PBXNativeTarget section */
		76E3BED214FB50F3006E953C /* SdtReader */ = {
			isa = PBXNativeTarget;
			buildConfigurationList = 76E3BEEB14FB50F4006E953C /* Build configuration list for PBXNativeTarget "SdtReader" */;
			buildPhases = (
				76E3BECF14FB50F3006E953C /* Sources */,
				76E3BED014FB50F3006E953C /* Frameworks */,
				76E3BED114FB50F3006E953C /* Resources */,
			);
			buildRules = (
			);
			dependencies = (
			);
			name = SdtReader;
			productName = SdtReader;
			productReference = 76E3BED314FB50F3006E953C /* SdtReader.app */;
			productType = "com.apple.product-type.application";
		};
/* End PBXNativeTarget section */

/* Begin PBXProject section */
		76E3BECA14FB50F3006E953C /* Project object */ = {
			isa = PBXProject;
			attributes = {
				LastUpgradeCheck = 0420;
			};
			buildConfigurationList = 76E3BECD14FB50F3006E953C /* Build configuration list for PBXProject "SdtReader" */;
			compatibilityVersion = "Xcode 3.2";
			developmentRegion = English;
			hasScannedForEncodings = 0;
			knownRegions = (
				en,
			);
			mainGroup = 76E3BEC814FB50F3006E953C;
			productRefGroup = 76E3BED414FB50F3006E953C /* Products */;
			projectDirPath = "";
			projectRoot = "";
			targets = (
				76E3BED214FB50F3006E953C /* SdtReader */,
			);
		};
/* End PBXProject section */

/* Begin PBXResourcesBuildPhase section */
		76E3BED114FB50F3006E953C /* Resources */ = {
			isa = PBXResourcesBuildPhase;
			buildActionMask = 2147483647;
			files = (
				76E3BEE214FB50F4006E953C /* InfoPlist.strings in Resources */,
				76E3BF3B14FB5155006E953C /* edit.jpg in Resources */,
				76E3BF3C14FB5156006E953C /* newsreader.jpg in Resources */,
				76E3BF3D14FB5156006E953C /* rss_blue.png in Resources */,
				76E3BF3E14FB5156006E953C /* rss_feed_add.png in Resources */,
				76E3BF3F14FB5156006E953C /* rss_feeds.jpg in Resources */,
				76E3BF4014FB5156006E953C /* rss_green.png in Resources */,
				76E3BF4114FB5156006E953C /* rss_grey.png in Resources */,
				76E3BF4214FB5156006E953C /* rss_story.png in Resources */,
				76E3BF4314FB5156006E953C /* rss_story_blue.png in Resources */,
				76E3BF4414FB5156006E953C /* rss_story_green.png in Resources */,
				76E3BF4514FB5156006E953C /* rss_story_grey.png in Resources */,
				76E3BF4614FB5156006E953C /* rss_story_yellow.png in Resources */,
				76E3BF4714FB5156006E953C /* rss_yellow.png in Resources */,
				76E3BF4814FB5156006E953C /* sdtreader_icon.png in Resources */,
				76E3BF4914FB5156006E953C /* star-black16.png in Resources */,
				76E3BF4A14FB5156006E953C /* star-black32.png in Resources */,
				76E3BF4B14FB5156006E953C /* star-blue16.png in Resources */,
				76E3BF4C14FB5156006E953C /* star-blue24.png in Resources */,
				76E3BF4D14FB5156006E953C /* star-gold16.png in Resources */,
				76E3BF4E14FB5156006E953C /* star-gold48.png in Resources */,
				76E3BF4F14FB5156006E953C /* star-green16.png in Resources */,
				76E3BF5014FB5156006E953C /* star-purple16.png in Resources */,
				76E3BF5114FB5156006E953C /* star-red16.png in Resources */,
				76E3BF5214FB5156006E953C /* star-white16.png in Resources */,
				76E3BF5314FB5156006E953C /* star-white32.png in Resources */,
				76E3BF5414FB5156006E953C /* star-white48.png in Resources */,
				76E3BF5514FB5156006E953C /* view.jpg in Resources */,
				76E3BF6914FB5156006E953C /* RssFeedDetailViewController.xib in Resources */,
				76E3BF6A14FB5156006E953C /* RssReaderViewController.xib in Resources */,
				76E3BF6B14FB5156006E953C /* RssStoryListViewController.xib in Resources */,
				76E3BF6C14FB5156006E953C /* RssStoryViewController.xib in Resources */,
			);
			runOnlyForDeploymentPostprocessing = 0;
		};
/* End PBXResourcesBuildPhase section */

/* Begin PBXSourcesBuildPhase section */
		76E3BECF14FB50F3006E953C /* Sources */ = {
			isa = PBXSourcesBuildPhase;
			buildActionMask = 2147483647;
			files = (
				76E3BEE414FB50F4006E953C /* main.m in Sources */,
				76E3BEE814FB50F4006E953C /* AppDelegate.m in Sources */,
				76E3BF5614FB5156006E953C /* RateButton.m in Sources */,
				76E3BF5814FB5156006E953C /* Common.m in Sources */,
				76E3BF5A14FB5156006E953C /* ReaderModel.m in Sources */,
				76E3BF5B14FB5156006E953C /* RssFeed.m in Sources */,
				76E3BF5C14FB5156006E953C /* RssFeedModel.m in Sources */,
				76E3BF5D14FB5156006E953C /* RssParser.m in Sources */,
				76E3BF5E14FB5156006E953C /* RssStory.m in Sources */,
				76E3BF5F14FB5156006E953C /* RssStoryModel.m in Sources */,
				76E3BF6014FB5156006E953C /* ModelessViewController.m in Sources */,
				76E3BF6114FB5156006E953C /* RssFeedDetailViewController.m in Sources */,
				76E3BF6214FB5156006E953C /* RssFeedViewCell.m in Sources */,
				76E3BF6314FB5156006E953C /* RssReaderViewController.m in Sources */,
				76E3BF6414FB5156006E953C /* RssStoryListViewController.m in Sources */,
				76E3BF6514FB5156006E953C /* RssStoryViewCell.m in Sources */,
				76E3BF6614FB5156006E953C /* RssStoryViewController.m in Sources */,
				76E3BF6714FB5156006E953C /* SdtViewController.m in Sources */,
				76E3BF6814FB5156006E953C /* WebBrowserViewController.m in Sources */,
			);
			runOnlyForDeploymentPostprocessing = 0;
		};
/* End PBXSourcesBuildPhase section */

/* Begin PBXVariantGroup section */
		76E3BEE014FB50F4006E953C /* InfoPlist.strings */ = {
			isa = PBXVariantGroup;
			children = (
				76E3BEE114FB50F4006E953C /* en */,
			);
			name = InfoPlist.strings;
			sourceTree = "<group>";
		};
/* End PBXVariantGroup section */

/* Begin XCBuildConfiguration section */
		76E3BEE914FB50F4006E953C /* Debug */ = {
			isa = XCBuildConfiguration;
			buildSettings = {
				ALWAYS_SEARCH_USER_PATHS = NO;
				ARCHS = "$(ARCHS_STANDARD_32_BIT)";
				CLANG_ENABLE_OBJC_ARC = YES;
				"CODE_SIGN_IDENTITY[sdk=iphoneos*]" = "iPhone Developer";
				COPY_PHASE_STRIP = NO;
				GCC_C_LANGUAGE_STANDARD = gnu99;
				GCC_DYNAMIC_NO_PIC = NO;
				GCC_OPTIMIZATION_LEVEL = 0;
				GCC_PREPROCESSOR_DEFINITIONS = (
					"DEBUG=1",
					"$(inherited)",
				);
				GCC_SYMBOLS_PRIVATE_EXTERN = NO;
				GCC_VERSION = com.apple.compilers.llvm.clang.1_0;
				GCC_WARN_ABOUT_MISSING_PROTOTYPES = YES;
				GCC_WARN_ABOUT_RETURN_TYPE = YES;
				GCC_WARN_UNUSED_VARIABLE = YES;
				IPHONEOS_DEPLOYMENT_TARGET = 5.0;
				SDKROOT = iphoneos;
			};
			name = Debug;
		};
		76E3BEEA14FB50F4006E953C /* Release */ = {
			isa = XCBuildConfiguration;
			buildSettings = {
				ALWAYS_SEARCH_USER_PATHS = NO;
				ARCHS = "$(ARCHS_STANDARD_32_BIT)";
				CLANG_ENABLE_OBJC_ARC = YES;
				"CODE_SIGN_IDENTITY[sdk=iphoneos*]" = "iPhone Developer";
				COPY_PHASE_STRIP = YES;
				GCC_C_LANGUAGE_STANDARD = gnu99;
				GCC_VERSION = com.apple.compilers.llvm.clang.1_0;
				GCC_WARN_ABOUT_MISSING_PROTOTYPES = YES;
				GCC_WARN_ABOUT_RETURN_TYPE = YES;
				GCC_WARN_UNUSED_VARIABLE = YES;
				IPHONEOS_DEPLOYMENT_TARGET = 5.0;
				OTHER_CFLAGS = "-DNS_BLOCK_ASSERTIONS=1";
				SDKROOT = iphoneos;
				VALIDATE_PRODUCT = YES;
			};
			name = Release;
		};
		76E3BEEC14FB50F4006E953C /* Debug */ = {
			isa = XCBuildConfiguration;
			buildSettings = {
				GCC_PRECOMPILE_PREFIX_HEADER = YES;
				GCC_PREFIX_HEADER = "SdtReader/SdtReader-Prefix.pch";
				INFOPLIST_FILE = "SdtReader/SdtReader-Info.plist";
				PRODUCT_NAME = "$(TARGET_NAME)";
				WRAPPER_EXTENSION = app;
			};
			name = Debug;
		};
		76E3BEED14FB50F4006E953C /* Release */ = {
			isa = XCBuildConfiguration;
			buildSettings = {
				GCC_PRECOMPILE_PREFIX_HEADER = YES;
				GCC_PREFIX_HEADER = "SdtReader/SdtReader-Prefix.pch";
				INFOPLIST_FILE = "SdtReader/SdtReader-Info.plist";
				PRODUCT_NAME = "$(TARGET_NAME)";
				WRAPPER_EXTENSION = app;
			};
			name = Release;
		};
/* End XCBuildConfiguration section */

/* Begin XCConfigurationList section */
		76E3BECD14FB50F3006E953C /* Build configuration list for PBXProject "SdtReader" */ = {
			isa = XCConfigurationList;
			buildConfigurations = (
				76E3BEE914FB50F4006E953C /* Debug */,
				76E3BEEA14FB50F4006E953C /* Release */,
			);
			defaultConfigurationIsVisible = 0;
			defaultConfigurationName = Release;
		};
		76E3BEEB14FB50F4006E953C /* Build configuration list for PBXNativeTarget "SdtReader" */ = {
			isa = XCConfigurationList;
			buildConfigurations = (
				76E3BEEC14FB50F4006E953C /* Debug */,
				76E3BEED14FB50F4006E953C /* Release */,
			);
			defaultConfigurationIsVisible = 0;
		};
/* End XCConfigurationList section */
	};
	rootObject = 76E3BECA14FB50F3006E953C /* Project object */;
}
