// !$*UTF8*$!
{
	archiveVersion = 1;
	classes = {
	};
	objectVersion = 46;
	objects = {

/* Begin PBXBuildFile section */
		761334DD146CE7AE00EFFF88 /* rss_blue.png in Resources */ = {isa = PBXBuildFile; fileRef = 761334D9146CE7AE00EFFF88 /* rss_blue.png */; };
		761334DE146CE7AE00EFFF88 /* rss_green.png in Resources */ = {isa = PBXBuildFile; fileRef = 761334DA146CE7AE00EFFF88 /* rss_green.png */; };
		761334DF146CE7AE00EFFF88 /* rss_grey.png in Resources */ = {isa = PBXBuildFile; fileRef = 761334DB146CE7AE00EFFF88 /* rss_grey.png */; };
		761334E0146CE7AE00EFFF88 /* rss_yellow.png in Resources */ = {isa = PBXBuildFile; fileRef = 761334DC146CE7AE00EFFF88 /* rss_yellow.png */; };
		761334ED146CE9C700EFFF88 /* edit.jpg in Resources */ = {isa = PBXBuildFile; fileRef = 761334EA146CE9C700EFFF88 /* edit.jpg */; };
		761334EE146CE9C700EFFF88 /* sdtreader_icon.png in Resources */ = {isa = PBXBuildFile; fileRef = 761334EB146CE9C700EFFF88 /* sdtreader_icon.png */; };
		761334EF146CE9C700EFFF88 /* view.jpg in Resources */ = {isa = PBXBuildFile; fileRef = 761334EC146CE9C700EFFF88 /* view.jpg */; };
		761334F3146D00DB00EFFF88 /* RssStoryListViewController.m in Sources */ = {isa = PBXBuildFile; fileRef = 761334F1146D00DB00EFFF88 /* RssStoryListViewController.m */; };
		761334F6146D011200EFFF88 /* RssStoryListViewController.xib in Resources */ = {isa = PBXBuildFile; fileRef = 761334F5146D011200EFFF88 /* RssStoryListViewController.xib */; };
		7621AD721474E517004A55C1 /* category32.png in Resources */ = {isa = PBXBuildFile; fileRef = 7621AD701474E517004A55C1 /* category32.png */; };
		7621AD751474EA0B004A55C1 /* back_icon.png in Resources */ = {isa = PBXBuildFile; fileRef = 7621AD741474EA0B004A55C1 /* back_icon.png */; };
		7621AD781475016D004A55C1 /* RssCategoryViewCell.m in Sources */ = {isa = PBXBuildFile; fileRef = 7621AD771475016D004A55C1 /* RssCategoryViewCell.m */; };
		767F8D2D1476771400FC624C /* RssCategoryDetailViewController.xib in Resources */ = {isa = PBXBuildFile; fileRef = 767F8D2C1476771400FC624C /* RssCategoryDetailViewController.xib */; };
		767F8D311476772500FC624C /* RssCategoryDetailViewController.m in Sources */ = {isa = PBXBuildFile; fileRef = 767F8D301476772500FC624C /* RssCategoryDetailViewController.m */; };
		7681AFAC146FA95400BC179C /* RateButton.m in Sources */ = {isa = PBXBuildFile; fileRef = 7681AFAB146FA95400BC179C /* RateButton.m */; };
		7681AFB6146FD58100BC179C /* star-black16.png in Resources */ = {isa = PBXBuildFile; fileRef = 7681AFB5146FD58100BC179C /* star-black16.png */; };
		7681AFBA146FD63000BC179C /* star-green16.png in Resources */ = {isa = PBXBuildFile; fileRef = 7681AFB7146FD63000BC179C /* star-green16.png */; };
		7681AFBB146FD63000BC179C /* star-purple16.png in Resources */ = {isa = PBXBuildFile; fileRef = 7681AFB8146FD63000BC179C /* star-purple16.png */; };
		7681AFBC146FD63000BC179C /* star-red16.png in Resources */ = {isa = PBXBuildFile; fileRef = 7681AFB9146FD63000BC179C /* star-red16.png */; };
		7681AFBE146FD6E000BC179C /* star-blue16.png in Resources */ = {isa = PBXBuildFile; fileRef = 7681AFBD146FD6DF00BC179C /* star-blue16.png */; };
		7681CAE114771BD400E313E9 /* cancel_icon.jpg in Resources */ = {isa = PBXBuildFile; fileRef = 7681CADF14771BD400E313E9 /* cancel_icon.jpg */; };
		7681CAE214771BD400E313E9 /* save_icon.png in Resources */ = {isa = PBXBuildFile; fileRef = 7681CAE014771BD400E313E9 /* save_icon.png */; };
		7681CAE514771CAE00E313E9 /* cancel_icon.png in Resources */ = {isa = PBXBuildFile; fileRef = 7681CAE414771CAE00E313E9 /* cancel_icon.png */; };
		7681FD51146A915F00CF8C27 /* UIKit.framework in Frameworks */ = {isa = PBXBuildFile; fileRef = 7681FD50146A915F00CF8C27 /* UIKit.framework */; };
		7681FD53146A915F00CF8C27 /* Foundation.framework in Frameworks */ = {isa = PBXBuildFile; fileRef = 7681FD52146A915F00CF8C27 /* Foundation.framework */; };
		7681FD55146A915F00CF8C27 /* CoreGraphics.framework in Frameworks */ = {isa = PBXBuildFile; fileRef = 7681FD54146A915F00CF8C27 /* CoreGraphics.framework */; };
		7681FD5B146A915F00CF8C27 /* InfoPlist.strings in Resources */ = {isa = PBXBuildFile; fileRef = 7681FD59146A915F00CF8C27 /* InfoPlist.strings */; };
		7681FD79146A960D00CF8C27 /* SdtReaderAppDelegate.m in Sources */ = {isa = PBXBuildFile; fileRef = 7681FD78146A960D00CF8C27 /* SdtReaderAppDelegate.m */; };
		7681FD7D146A962D00CF8C27 /* Common.m in Sources */ = {isa = PBXBuildFile; fileRef = 7681FD7C146A962D00CF8C27 /* Common.m */; };
		7681FD81146A965600CF8C27 /* ReaderModel.m in Sources */ = {isa = PBXBuildFile; fileRef = 7681FD80146A965600CF8C27 /* ReaderModel.m */; };
		7681FD86146A966200CF8C27 /* ModelessViewController.m in Sources */ = {isa = PBXBuildFile; fileRef = 7681FD83146A966200CF8C27 /* ModelessViewController.m */; };
		7681FD87146A966200CF8C27 /* SdtViewController.m in Sources */ = {isa = PBXBuildFile; fileRef = 7681FD85146A966200CF8C27 /* SdtViewController.m */; };
		7681FD89146A971400CF8C27 /* main.m in Sources */ = {isa = PBXBuildFile; fileRef = 7681FD88146A971400CF8C27 /* main.m */; };
		76822D3A146E30F200698D1B /* rss_story.png in Resources */ = {isa = PBXBuildFile; fileRef = 76822D39146E30F200698D1B /* rss_story.png */; };
		76822D3E146E319100698D1B /* RssStoryViewCell.m in Sources */ = {isa = PBXBuildFile; fileRef = 76822D3D146E319100698D1B /* RssStoryViewCell.m */; };
		76822D43146E374900698D1B /* rss_story_blue.png in Resources */ = {isa = PBXBuildFile; fileRef = 76822D3F146E374900698D1B /* rss_story_blue.png */; };
		76822D44146E374900698D1B /* rss_story_green.png in Resources */ = {isa = PBXBuildFile; fileRef = 76822D40146E374900698D1B /* rss_story_green.png */; };
		76822D45146E374900698D1B /* rss_story_grey.png in Resources */ = {isa = PBXBuildFile; fileRef = 76822D41146E374900698D1B /* rss_story_grey.png */; };
		76822D46146E374900698D1B /* rss_story_yellow.png in Resources */ = {isa = PBXBuildFile; fileRef = 76822D42146E374900698D1B /* rss_story_yellow.png */; };
		76822D4A146E506000698D1B /* RssStoryViewController.m in Sources */ = {isa = PBXBuildFile; fileRef = 76822D48146E506000698D1B /* RssStoryViewController.m */; };
		76822D4D146E508F00698D1B /* RssStoryViewController.xib in Resources */ = {isa = PBXBuildFile; fileRef = 76822D4C146E508F00698D1B /* RssStoryViewController.xib */; };
		768284B3147778060084490B /* rss_icon64.png in Resources */ = {isa = PBXBuildFile; fileRef = 768284B2147778060084490B /* rss_icon64.png */; };
		7683B330146D6D900023A557 /* RssParser.m in Sources */ = {isa = PBXBuildFile; fileRef = 7683B32F146D6D900023A557 /* RssParser.m */; };
		7684151A146B87E4009F399B /* RssFeed.m in Sources */ = {isa = PBXBuildFile; fileRef = 76841519146B87E4009F399B /* RssFeed.m */; };
		7684151E146B8A65009F399B /* RssFeedModel.m in Sources */ = {isa = PBXBuildFile; fileRef = 7684151D146B8A65009F399B /* RssFeedModel.m */; };
		76841521146B8ACF009F399B /* RssStory.m in Sources */ = {isa = PBXBuildFile; fileRef = 76841520146B8ACF009F399B /* RssStory.m */; };
		76841524146B8CAE009F399B /* RssStoryModel.m in Sources */ = {isa = PBXBuildFile; fileRef = 76841523146B8CAE009F399B /* RssStoryModel.m */; };
		7684CA32146B8161002277A0 /* rss_feeds.jpg in Resources */ = {isa = PBXBuildFile; fileRef = 7684CA31146B8161002277A0 /* rss_feeds.jpg */; };
		768510AB146AD28D00072A6E /* SdtReader-Info.plist in Resources */ = {isa = PBXBuildFile; fileRef = 7681FD58146A915F00CF8C27 /* SdtReader-Info.plist */; };
		768510AE146AD81B00072A6E /* RssFeedViewController.xib in Resources */ = {isa = PBXBuildFile; fileRef = 768510AD146AD81B00072A6E /* RssFeedViewController.xib */; };
		768510B1146ADAB700072A6E /* RssFeedViewController.m in Sources */ = {isa = PBXBuildFile; fileRef = 768510B0146ADAB700072A6E /* RssFeedViewController.m */; };
		768510C2146ADD1200072A6E /* rss_feed_add.png in Resources */ = {isa = PBXBuildFile; fileRef = 768510BA146ADD1200072A6E /* rss_feed_add.png */; };
		7685593B146E77FD0058DE3F /* WebBrowserViewController.m in Sources */ = {isa = PBXBuildFile; fileRef = 7685593A146E77FD0058DE3F /* WebBrowserViewController.m */; };
		7685E1F3146F4C25008E275E /* star-gold16.png in Resources */ = {isa = PBXBuildFile; fileRef = 7685E1EF146F4C25008E275E /* star-gold16.png */; };
		7685E1F4146F4C25008E275E /* star-gold48.png in Resources */ = {isa = PBXBuildFile; fileRef = 7685E1F0146F4C25008E275E /* star-gold48.png */; };
		7685E1F5146F4C25008E275E /* star-white16.png in Resources */ = {isa = PBXBuildFile; fileRef = 7685E1F1146F4C25008E275E /* star-white16.png */; };
		7685E1F6146F4C25008E275E /* star-white48.png in Resources */ = {isa = PBXBuildFile; fileRef = 7685E1F2146F4C25008E275E /* star-white48.png */; };
		7685E1FA146F4FD9008E275E /* star-blue24.png in Resources */ = {isa = PBXBuildFile; fileRef = 7685E1F9146F4FD9008E275E /* star-blue24.png */; };
		7685E1FC146F5020008E275E /* star-black32.png in Resources */ = {isa = PBXBuildFile; fileRef = 7685E1FB146F501F008E275E /* star-black32.png */; };
		7685E1FE146F505E008E275E /* star-white32.png in Resources */ = {isa = PBXBuildFile; fileRef = 7685E1FD146F505E008E275E /* star-white32.png */; };
		7688C60C146BB7BA00A571F5 /* RssFeedViewCell.m in Sources */ = {isa = PBXBuildFile; fileRef = 7688C60B146BB7BA00A571F5 /* RssFeedViewCell.m */; };
		7688F523146EC328008F80A5 /* RssFeedDetailViewController.m in Sources */ = {isa = PBXBuildFile; fileRef = 7688F521146EC327008F80A5 /* RssFeedDetailViewController.m */; };
		7688F526146EC359008F80A5 /* RssFeedDetailViewController.xib in Resources */ = {isa = PBXBuildFile; fileRef = 7688F525146EC359008F80A5 /* RssFeedDetailViewController.xib */; };
		7689A84A1474074E00499608 /* RssCategory.m in Sources */ = {isa = PBXBuildFile; fileRef = 7689A8471474074E00499608 /* RssCategory.m */; };
		7689A84B1474074E00499608 /* RssCategoryModel.m in Sources */ = {isa = PBXBuildFile; fileRef = 7689A8491474074E00499608 /* RssCategoryModel.m */; };
		7689A84F1474075F00499608 /* RssCategoryViewController.m in Sources */ = {isa = PBXBuildFile; fileRef = 7689A84E1474075F00499608 /* RssCategoryViewController.m */; };
		7689A8511474076A00499608 /* RssCategoryViewController.xib in Resources */ = {isa = PBXBuildFile; fileRef = 7689A8501474076A00499608 /* RssCategoryViewController.xib */; };
		7689A85414740D1300499608 /* SdtSearchViewController.m in Sources */ = {isa = PBXBuildFile; fileRef = 7689A85314740D1300499608 /* SdtSearchViewController.m */; };
		768A541A1476250F00176F0A /* category_add_icon.png in Resources */ = {isa = PBXBuildFile; fileRef = 768A54181476250F00176F0A /* category_add_icon.png */; };
		768A541D1476252200176F0A /* web_browser_icon.png in Resources */ = {isa = PBXBuildFile; fileRef = 768A541C1476252200176F0A /* web_browser_icon.png */; };
		768A541F1476265200176F0A /* back_view_icon.jpg in Resources */ = {isa = PBXBuildFile; fileRef = 768A541E1476265200176F0A /* back_view_icon.jpg */; };
		768A54231476387900176F0A /* back_icon.png in Resources */ = {isa = PBXBuildFile; fileRef = 768A54201476387900176F0A /* back_icon.png */; };
		768A54241476387900176F0A /* back_view_icon.png in Resources */ = {isa = PBXBuildFile; fileRef = 768A54211476387900176F0A /* back_view_icon.png */; };
		768A54251476387900176F0A /* forward_icon.png in Resources */ = {isa = PBXBuildFile; fileRef = 768A54221476387900176F0A /* forward_icon.png */; };
		769169981473A6DF00043FA9 /* search.png in Resources */ = {isa = PBXBuildFile; fileRef = 769169971473A6DF00043FA9 /* search.png */; };
		7691E00F1472BC6500592C43 /* star-gold24.png in Resources */ = {isa = PBXBuildFile; fileRef = 7691DFF01472BC6500592C43 /* star-gold24.png */; };
		7691E0101472BC6500592C43 /* star-white24.png in Resources */ = {isa = PBXBuildFile; fileRef = 7691DFF11472BC6500592C43 /* star-white24.png */; };
/* End PBXBuildFile section */

/* Begin PBXFileReference section */
		761334D9146CE7AE00EFFF88 /* rss_blue.png */ = {isa = PBXFileReference; lastKnownFileType = image.png; name = rss_blue.png; path = Images/rss_blue.png; sourceTree = SOURCE_ROOT; };
		761334DA146CE7AE00EFFF88 /* rss_green.png */ = {isa = PBXFileReference; lastKnownFileType = image.png; name = rss_green.png; path = Images/rss_green.png; sourceTree = SOURCE_ROOT; };
		761334DB146CE7AE00EFFF88 /* rss_grey.png */ = {isa = PBXFileReference; lastKnownFileType = image.png; name = rss_grey.png; path = Images/rss_grey.png; sourceTree = SOURCE_ROOT; };
		761334DC146CE7AE00EFFF88 /* rss_yellow.png */ = {isa = PBXFileReference; lastKnownFileType = image.png; name = rss_yellow.png; path = Images/rss_yellow.png; sourceTree = SOURCE_ROOT; };
		761334EA146CE9C700EFFF88 /* edit.jpg */ = {isa = PBXFileReference; lastKnownFileType = image.jpeg; name = edit.jpg; path = Images/edit.jpg; sourceTree = SOURCE_ROOT; };
		761334EB146CE9C700EFFF88 /* sdtreader_icon.png */ = {isa = PBXFileReference; lastKnownFileType = image.png; name = sdtreader_icon.png; path = Images/sdtreader_icon.png; sourceTree = SOURCE_ROOT; };
		761334EC146CE9C700EFFF88 /* view.jpg */ = {isa = PBXFileReference; lastKnownFileType = image.jpeg; name = view.jpg; path = Images/view.jpg; sourceTree = SOURCE_ROOT; };
		761334F0146D00DA00EFFF88 /* RssStoryListViewController.h */ = {isa = PBXFileReference; fileEncoding = 4; lastKnownFileType = sourcecode.c.h; name = RssStoryListViewController.h; path = Src/ViewControllers/RssStoryListViewController.h; sourceTree = SOURCE_ROOT; };
		761334F1146D00DB00EFFF88 /* RssStoryListViewController.m */ = {isa = PBXFileReference; fileEncoding = 4; lastKnownFileType = sourcecode.c.objc; name = RssStoryListViewController.m; path = Src/ViewControllers/RssStoryListViewController.m; sourceTree = SOURCE_ROOT; };
		761334F5146D011200EFFF88 /* RssStoryListViewController.xib */ = {isa = PBXFileReference; fileEncoding = 4; lastKnownFileType = file.xib; name = RssStoryListViewController.xib; path = XIBs/RssStoryListViewController.xib; sourceTree = SOURCE_ROOT; };
		7621AD701474E517004A55C1 /* category32.png */ = {isa = PBXFileReference; lastKnownFileType = image.png; name = category32.png; path = Images/category32.png; sourceTree = SOURCE_ROOT; };
		7621AD741474EA0B004A55C1 /* back_icon.png */ = {isa = PBXFileReference; lastKnownFileType = image.png; name = back_icon.png; path = Images/back_icon.png; sourceTree = SOURCE_ROOT; };
		7621AD761475016D004A55C1 /* RssCategoryViewCell.h */ = {isa = PBXFileReference; fileEncoding = 4; lastKnownFileType = sourcecode.c.h; name = RssCategoryViewCell.h; path = Src/ViewControllers/RssCategoryViewCell.h; sourceTree = SOURCE_ROOT; };
		7621AD771475016D004A55C1 /* RssCategoryViewCell.m */ = {isa = PBXFileReference; fileEncoding = 4; lastKnownFileType = sourcecode.c.objc; name = RssCategoryViewCell.m; path = Src/ViewControllers/RssCategoryViewCell.m; sourceTree = SOURCE_ROOT; };
		767F8D2C1476771400FC624C /* RssCategoryDetailViewController.xib */ = {isa = PBXFileReference; fileEncoding = 4; lastKnownFileType = file.xib; name = RssCategoryDetailViewController.xib; path = XIBs/RssCategoryDetailViewController.xib; sourceTree = SOURCE_ROOT; };
		767F8D2F1476772500FC624C /* RssCategoryDetailViewController.h */ = {isa = PBXFileReference; fileEncoding = 4; lastKnownFileType = sourcecode.c.h; name = RssCategoryDetailViewController.h; path = Src/ViewControllers/RssCategoryDetailViewController.h; sourceTree = SOURCE_ROOT; };
		767F8D301476772500FC624C /* RssCategoryDetailViewController.m */ = {isa = PBXFileReference; fileEncoding = 4; lastKnownFileType = sourcecode.c.objc; name = RssCategoryDetailViewController.m; path = Src/ViewControllers/RssCategoryDetailViewController.m; sourceTree = SOURCE_ROOT; };
		7681AFAA146FA95400BC179C /* RateButton.h */ = {isa = PBXFileReference; fileEncoding = 4; lastKnownFileType = sourcecode.c.h; name = RateButton.h; path = Src/Controls/RateButton.h; sourceTree = SOURCE_ROOT; };
		7681AFAB146FA95400BC179C /* RateButton.m */ = {isa = PBXFileReference; fileEncoding = 4; lastKnownFileType = sourcecode.c.objc; name = RateButton.m; path = Src/Controls/RateButton.m; sourceTree = SOURCE_ROOT; };
		7681AFB5146FD58100BC179C /* star-black16.png */ = {isa = PBXFileReference; lastKnownFileType = image.png; name = "star-black16.png"; path = "Images/star-black16.png"; sourceTree = SOURCE_ROOT; };
		7681AFB7146FD63000BC179C /* star-green16.png */ = {isa = PBXFileReference; lastKnownFileType = image.png; name = "star-green16.png"; path = "Images/star-green16.png"; sourceTree = SOURCE_ROOT; };
		7681AFB8146FD63000BC179C /* star-purple16.png */ = {isa = PBXFileReference; lastKnownFileType = image.png; name = "star-purple16.png"; path = "Images/star-purple16.png"; sourceTree = SOURCE_ROOT; };
		7681AFB9146FD63000BC179C /* star-red16.png */ = {isa = PBXFileReference; lastKnownFileType = image.png; name = "star-red16.png"; path = "Images/star-red16.png"; sourceTree = SOURCE_ROOT; };
		7681AFBD146FD6DF00BC179C /* star-blue16.png */ = {isa = PBXFileReference; lastKnownFileType = image.png; name = "star-blue16.png"; path = "Images/star-blue16.png"; sourceTree = SOURCE_ROOT; };
		7681CADF14771BD400E313E9 /* cancel_icon.jpg */ = {isa = PBXFileReference; lastKnownFileType = image.jpeg; name = cancel_icon.jpg; path = Images/cancel_icon.jpg; sourceTree = SOURCE_ROOT; };
		7681CAE014771BD400E313E9 /* save_icon.png */ = {isa = PBXFileReference; lastKnownFileType = image.png; name = save_icon.png; path = Images/save_icon.png; sourceTree = SOURCE_ROOT; };
		7681CAE414771CAE00E313E9 /* cancel_icon.png */ = {isa = PBXFileReference; lastKnownFileType = image.png; name = cancel_icon.png; path = Images/cancel_icon.png; sourceTree = SOURCE_ROOT; };
		7681FD4C146A915F00CF8C27 /* SdtReader.app */ = {isa = PBXFileReference; explicitFileType = wrapper.application; includeInIndex = 0; path = SdtReader.app; sourceTree = BUILT_PRODUCTS_DIR; };
		7681FD50146A915F00CF8C27 /* UIKit.framework */ = {isa = PBXFileReference; lastKnownFileType = wrapper.framework; name = UIKit.framework; path = System/Library/Frameworks/UIKit.framework; sourceTree = SDKROOT; };
		7681FD52146A915F00CF8C27 /* Foundation.framework */ = {isa = PBXFileReference; lastKnownFileType = wrapper.framework; name = Foundation.framework; path = System/Library/Frameworks/Foundation.framework; sourceTree = SDKROOT; };
		7681FD54146A915F00CF8C27 /* CoreGraphics.framework */ = {isa = PBXFileReference; lastKnownFileType = wrapper.framework; name = CoreGraphics.framework; path = System/Library/Frameworks/CoreGraphics.framework; sourceTree = SDKROOT; };
		7681FD58146A915F00CF8C27 /* SdtReader-Info.plist */ = {isa = PBXFileReference; lastKnownFileType = text.plist.xml; path = "SdtReader-Info.plist"; sourceTree = "<group>"; };
		7681FD5A146A915F00CF8C27 /* en */ = {isa = PBXFileReference; lastKnownFileType = text.plist.strings; name = en; path = en.lproj/InfoPlist.strings; sourceTree = "<group>"; };
		7681FD5C146A915F00CF8C27 /* SdtReader-Prefix.pch */ = {isa = PBXFileReference; lastKnownFileType = sourcecode.c.h; path = "SdtReader-Prefix.pch"; sourceTree = "<group>"; };
		7681FD76146A960D00CF8C27 /* ModalViewControllerDelegate.h */ = {isa = PBXFileReference; fileEncoding = 4; lastKnownFileType = sourcecode.c.h; name = ModalViewControllerDelegate.h; path = Src/Delegators/ModalViewControllerDelegate.h; sourceTree = SOURCE_ROOT; };
		7681FD77146A960D00CF8C27 /* SdtReaderAppDelegate.h */ = {isa = PBXFileReference; fileEncoding = 4; lastKnownFileType = sourcecode.c.h; name = SdtReaderAppDelegate.h; path = Src/Delegators/SdtReaderAppDelegate.h; sourceTree = SOURCE_ROOT; };
		7681FD78146A960D00CF8C27 /* SdtReaderAppDelegate.m */ = {isa = PBXFileReference; fileEncoding = 4; lastKnownFileType = sourcecode.c.objc; name = SdtReaderAppDelegate.m; path = Src/Delegators/SdtReaderAppDelegate.m; sourceTree = SOURCE_ROOT; };
		7681FD7B146A962D00CF8C27 /* Common.h */ = {isa = PBXFileReference; fileEncoding = 4; lastKnownFileType = sourcecode.c.h; name = Common.h; path = Src/Global/Common.h; sourceTree = "<group>"; };
		7681FD7C146A962D00CF8C27 /* Common.m */ = {isa = PBXFileReference; fileEncoding = 4; lastKnownFileType = sourcecode.c.objc; name = Common.m; path = Src/Global/Common.m; sourceTree = "<group>"; };
		7681FD7F146A965600CF8C27 /* ReaderModel.h */ = {isa = PBXFileReference; fileEncoding = 4; lastKnownFileType = sourcecode.c.h; name = ReaderModel.h; path = Src/Models/ReaderModel.h; sourceTree = SOURCE_ROOT; };
		7681FD80146A965600CF8C27 /* ReaderModel.m */ = {isa = PBXFileReference; fileEncoding = 4; lastKnownFileType = sourcecode.c.objc; name = ReaderModel.m; path = Src/Models/ReaderModel.m; sourceTree = SOURCE_ROOT; };
		7681FD82146A966200CF8C27 /* ModelessViewController.h */ = {isa = PBXFileReference; fileEncoding = 4; lastKnownFileType = sourcecode.c.h; name = ModelessViewController.h; path = Src/ViewControllers/ModelessViewController.h; sourceTree = SOURCE_ROOT; };
		7681FD83146A966200CF8C27 /* ModelessViewController.m */ = {isa = PBXFileReference; fileEncoding = 4; lastKnownFileType = sourcecode.c.objc; name = ModelessViewController.m; path = Src/ViewControllers/ModelessViewController.m; sourceTree = SOURCE_ROOT; };
		7681FD84146A966200CF8C27 /* SdtViewController.h */ = {isa = PBXFileReference; fileEncoding = 4; lastKnownFileType = sourcecode.c.h; name = SdtViewController.h; path = Src/ViewControllers/SdtViewController.h; sourceTree = SOURCE_ROOT; };
		7681FD85146A966200CF8C27 /* SdtViewController.m */ = {isa = PBXFileReference; fileEncoding = 4; lastKnownFileType = sourcecode.c.objc; name = SdtViewController.m; path = Src/ViewControllers/SdtViewController.m; sourceTree = SOURCE_ROOT; };
		7681FD88146A971400CF8C27 /* main.m */ = {isa = PBXFileReference; fileEncoding = 4; lastKnownFileType = sourcecode.c.objc; name = main.m; path = Src/main.m; sourceTree = SOURCE_ROOT; };
		76822D39146E30F200698D1B /* rss_story.png */ = {isa = PBXFileReference; lastKnownFileType = image.png; name = rss_story.png; path = Images/rss_story.png; sourceTree = SOURCE_ROOT; };
		76822D3C146E319100698D1B /* RssStoryViewCell.h */ = {isa = PBXFileReference; fileEncoding = 4; lastKnownFileType = sourcecode.c.h; name = RssStoryViewCell.h; path = Src/ViewControllers/RssStoryViewCell.h; sourceTree = SOURCE_ROOT; };
		76822D3D146E319100698D1B /* RssStoryViewCell.m */ = {isa = PBXFileReference; fileEncoding = 4; lastKnownFileType = sourcecode.c.objc; name = RssStoryViewCell.m; path = Src/ViewControllers/RssStoryViewCell.m; sourceTree = SOURCE_ROOT; };
		76822D3F146E374900698D1B /* rss_story_blue.png */ = {isa = PBXFileReference; lastKnownFileType = image.png; name = rss_story_blue.png; path = Images/rss_story_blue.png; sourceTree = SOURCE_ROOT; };
		76822D40146E374900698D1B /* rss_story_green.png */ = {isa = PBXFileReference; lastKnownFileType = image.png; name = rss_story_green.png; path = Images/rss_story_green.png; sourceTree = SOURCE_ROOT; };
		76822D41146E374900698D1B /* rss_story_grey.png */ = {isa = PBXFileReference; lastKnownFileType = image.png; name = rss_story_grey.png; path = Images/rss_story_grey.png; sourceTree = SOURCE_ROOT; };
		76822D42146E374900698D1B /* rss_story_yellow.png */ = {isa = PBXFileReference; lastKnownFileType = image.png; name = rss_story_yellow.png; path = Images/rss_story_yellow.png; sourceTree = SOURCE_ROOT; };
		76822D47146E506000698D1B /* RssStoryViewController.h */ = {isa = PBXFileReference; fileEncoding = 4; lastKnownFileType = sourcecode.c.h; name = RssStoryViewController.h; path = Src/ViewControllers/RssStoryViewController.h; sourceTree = SOURCE_ROOT; };
		76822D48146E506000698D1B /* RssStoryViewController.m */ = {isa = PBXFileReference; fileEncoding = 4; lastKnownFileType = sourcecode.c.objc; name = RssStoryViewController.m; path = Src/ViewControllers/RssStoryViewController.m; sourceTree = SOURCE_ROOT; };
		76822D4C146E508F00698D1B /* RssStoryViewController.xib */ = {isa = PBXFileReference; fileEncoding = 4; lastKnownFileType = file.xib; name = RssStoryViewController.xib; path = XIBs/RssStoryViewController.xib; sourceTree = SOURCE_ROOT; };
		768284B2147778060084490B /* rss_icon64.png */ = {isa = PBXFileReference; lastKnownFileType = image.png; name = rss_icon64.png; path = Images/rss_icon64.png; sourceTree = SOURCE_ROOT; };
		7683B32E146D6D900023A557 /* RssParser.h */ = {isa = PBXFileReference; fileEncoding = 4; lastKnownFileType = sourcecode.c.h; name = RssParser.h; path = Src/Models/RssParser.h; sourceTree = SOURCE_ROOT; };
		7683B32F146D6D900023A557 /* RssParser.m */ = {isa = PBXFileReference; fileEncoding = 4; lastKnownFileType = sourcecode.c.objc; name = RssParser.m; path = Src/Models/RssParser.m; sourceTree = SOURCE_ROOT; };
		76841518146B87E4009F399B /* RssFeed.h */ = {isa = PBXFileReference; fileEncoding = 4; lastKnownFileType = sourcecode.c.h; name = RssFeed.h; path = Src/Models/RssFeed.h; sourceTree = SOURCE_ROOT; };
		76841519146B87E4009F399B /* RssFeed.m */ = {isa = PBXFileReference; fileEncoding = 4; lastKnownFileType = sourcecode.c.objc; name = RssFeed.m; path = Src/Models/RssFeed.m; sourceTree = SOURCE_ROOT; };
		7684151C146B8A65009F399B /* RssFeedModel.h */ = {isa = PBXFileReference; fileEncoding = 4; lastKnownFileType = sourcecode.c.h; name = RssFeedModel.h; path = Src/Models/RssFeedModel.h; sourceTree = SOURCE_ROOT; };
		7684151D146B8A65009F399B /* RssFeedModel.m */ = {isa = PBXFileReference; fileEncoding = 4; lastKnownFileType = sourcecode.c.objc; name = RssFeedModel.m; path = Src/Models/RssFeedModel.m; sourceTree = SOURCE_ROOT; };
		7684151F146B8ACF009F399B /* RssStory.h */ = {isa = PBXFileReference; fileEncoding = 4; lastKnownFileType = sourcecode.c.h; name = RssStory.h; path = Src/Models/RssStory.h; sourceTree = SOURCE_ROOT; };
		76841520146B8ACF009F399B /* RssStory.m */ = {isa = PBXFileReference; fileEncoding = 4; lastKnownFileType = sourcecode.c.objc; name = RssStory.m; path = Src/Models/RssStory.m; sourceTree = SOURCE_ROOT; };
		76841522146B8CAE009F399B /* RssStoryModel.h */ = {isa = PBXFileReference; fileEncoding = 4; lastKnownFileType = sourcecode.c.h; name = RssStoryModel.h; path = Src/Models/RssStoryModel.h; sourceTree = SOURCE_ROOT; };
		76841523146B8CAE009F399B /* RssStoryModel.m */ = {isa = PBXFileReference; fileEncoding = 4; lastKnownFileType = sourcecode.c.objc; name = RssStoryModel.m; path = Src/Models/RssStoryModel.m; sourceTree = SOURCE_ROOT; };
		7684CA31146B8161002277A0 /* rss_feeds.jpg */ = {isa = PBXFileReference; lastKnownFileType = image.jpeg; name = rss_feeds.jpg; path = Images/rss_feeds.jpg; sourceTree = SOURCE_ROOT; };
		768510AD146AD81B00072A6E /* RssFeedViewController.xib */ = {isa = PBXFileReference; fileEncoding = 4; lastKnownFileType = file.xib; name = RssFeedViewController.xib; path = XIBs/RssFeedViewController.xib; sourceTree = SOURCE_ROOT; };
		768510AF146ADAB700072A6E /* RssFeedViewController.h */ = {isa = PBXFileReference; fileEncoding = 4; lastKnownFileType = sourcecode.c.h; name = RssFeedViewController.h; path = Src/ViewControllers/RssFeedViewController.h; sourceTree = SOURCE_ROOT; };
		768510B0146ADAB700072A6E /* RssFeedViewController.m */ = {isa = PBXFileReference; fileEncoding = 4; lastKnownFileType = sourcecode.c.objc; name = RssFeedViewController.m; path = Src/ViewControllers/RssFeedViewController.m; sourceTree = SOURCE_ROOT; };
		768510BA146ADD1200072A6E /* rss_feed_add.png */ = {isa = PBXFileReference; lastKnownFileType = image.png; name = rss_feed_add.png; path = Images/rss_feed_add.png; sourceTree = SOURCE_ROOT; };
		76855939146E77FD0058DE3F /* WebBrowserViewController.h */ = {isa = PBXFileReference; fileEncoding = 4; lastKnownFileType = sourcecode.c.h; name = WebBrowserViewController.h; path = Src/ViewControllers/WebBrowserViewController.h; sourceTree = SOURCE_ROOT; };
		7685593A146E77FD0058DE3F /* WebBrowserViewController.m */ = {isa = PBXFileReference; fileEncoding = 4; lastKnownFileType = sourcecode.c.objc; name = WebBrowserViewController.m; path = Src/ViewControllers/WebBrowserViewController.m; sourceTree = SOURCE_ROOT; };
		7685E1EF146F4C25008E275E /* star-gold16.png */ = {isa = PBXFileReference; lastKnownFileType = image.png; name = "star-gold16.png"; path = "Images/star-gold16.png"; sourceTree = SOURCE_ROOT; };
		7685E1F0146F4C25008E275E /* star-gold48.png */ = {isa = PBXFileReference; lastKnownFileType = image.png; name = "star-gold48.png"; path = "Images/star-gold48.png"; sourceTree = SOURCE_ROOT; };
		7685E1F1146F4C25008E275E /* star-white16.png */ = {isa = PBXFileReference; lastKnownFileType = image.png; name = "star-white16.png"; path = "Images/star-white16.png"; sourceTree = SOURCE_ROOT; };
		7685E1F2146F4C25008E275E /* star-white48.png */ = {isa = PBXFileReference; lastKnownFileType = image.png; name = "star-white48.png"; path = "Images/star-white48.png"; sourceTree = SOURCE_ROOT; };
		7685E1F9146F4FD9008E275E /* star-blue24.png */ = {isa = PBXFileReference; lastKnownFileType = image.png; name = "star-blue24.png"; path = "Images/star-blue24.png"; sourceTree = SOURCE_ROOT; };
		7685E1FB146F501F008E275E /* star-black32.png */ = {isa = PBXFileReference; lastKnownFileType = image.png; name = "star-black32.png"; path = "Images/star-black32.png"; sourceTree = SOURCE_ROOT; };
		7685E1FD146F505E008E275E /* star-white32.png */ = {isa = PBXFileReference; lastKnownFileType = image.png; name = "star-white32.png"; path = "Images/star-white32.png"; sourceTree = SOURCE_ROOT; };
		7688C60A146BB7BA00A571F5 /* RssFeedViewCell.h */ = {isa = PBXFileReference; fileEncoding = 4; lastKnownFileType = sourcecode.c.h; name = RssFeedViewCell.h; path = Src/ViewControllers/RssFeedViewCell.h; sourceTree = SOURCE_ROOT; };
		7688C60B146BB7BA00A571F5 /* RssFeedViewCell.m */ = {isa = PBXFileReference; fileEncoding = 4; lastKnownFileType = sourcecode.c.objc; name = RssFeedViewCell.m; path = Src/ViewControllers/RssFeedViewCell.m; sourceTree = SOURCE_ROOT; };
		7688F520146EC327008F80A5 /* RssFeedDetailViewController.h */ = {isa = PBXFileReference; fileEncoding = 4; lastKnownFileType = sourcecode.c.h; name = RssFeedDetailViewController.h; path = Src/ViewControllers/RssFeedDetailViewController.h; sourceTree = SOURCE_ROOT; };
		7688F521146EC327008F80A5 /* RssFeedDetailViewController.m */ = {isa = PBXFileReference; fileEncoding = 4; lastKnownFileType = sourcecode.c.objc; name = RssFeedDetailViewController.m; path = Src/ViewControllers/RssFeedDetailViewController.m; sourceTree = SOURCE_ROOT; };
		7688F525146EC359008F80A5 /* RssFeedDetailViewController.xib */ = {isa = PBXFileReference; fileEncoding = 4; lastKnownFileType = file.xib; name = RssFeedDetailViewController.xib; path = XIBs/RssFeedDetailViewController.xib; sourceTree = SOURCE_ROOT; };
		7689A8461474074E00499608 /* RssCategory.h */ = {isa = PBXFileReference; fileEncoding = 4; lastKnownFileType = sourcecode.c.h; name = RssCategory.h; path = Src/Models/RssCategory.h; sourceTree = SOURCE_ROOT; };
		7689A8471474074E00499608 /* RssCategory.m */ = {isa = PBXFileReference; fileEncoding = 4; lastKnownFileType = sourcecode.c.objc; name = RssCategory.m; path = Src/Models/RssCategory.m; sourceTree = SOURCE_ROOT; };
		7689A8481474074E00499608 /* RssCategoryModel.h */ = {isa = PBXFileReference; fileEncoding = 4; lastKnownFileType = sourcecode.c.h; name = RssCategoryModel.h; path = Src/Models/RssCategoryModel.h; sourceTree = SOURCE_ROOT; };
		7689A8491474074E00499608 /* RssCategoryModel.m */ = {isa = PBXFileReference; fileEncoding = 4; lastKnownFileType = sourcecode.c.objc; name = RssCategoryModel.m; path = Src/Models/RssCategoryModel.m; sourceTree = SOURCE_ROOT; };
		7689A84D1474075F00499608 /* RssCategoryViewController.h */ = {isa = PBXFileReference; fileEncoding = 4; lastKnownFileType = sourcecode.c.h; name = RssCategoryViewController.h; path = Src/ViewControllers/RssCategoryViewController.h; sourceTree = SOURCE_ROOT; };
		7689A84E1474075F00499608 /* RssCategoryViewController.m */ = {isa = PBXFileReference; fileEncoding = 4; lastKnownFileType = sourcecode.c.objc; name = RssCategoryViewController.m; path = Src/ViewControllers/RssCategoryViewController.m; sourceTree = SOURCE_ROOT; };
		7689A8501474076A00499608 /* RssCategoryViewController.xib */ = {isa = PBXFileReference; fileEncoding = 4; lastKnownFileType = file.xib; name = RssCategoryViewController.xib; path = XIBs/RssCategoryViewController.xib; sourceTree = SOURCE_ROOT; };
		7689A85214740D1300499608 /* SdtSearchViewController.h */ = {isa = PBXFileReference; fileEncoding = 4; lastKnownFileType = sourcecode.c.h; name = SdtSearchViewController.h; path = Src/ViewControllers/SdtSearchViewController.h; sourceTree = SOURCE_ROOT; };
		7689A85314740D1300499608 /* SdtSearchViewController.m */ = {isa = PBXFileReference; fileEncoding = 4; lastKnownFileType = sourcecode.c.objc; name = SdtSearchViewController.m; path = Src/ViewControllers/SdtSearchViewController.m; sourceTree = SOURCE_ROOT; };
		768A54181476250F00176F0A /* category_add_icon.png */ = {isa = PBXFileReference; lastKnownFileType = image.png; name = category_add_icon.png; path = Images/category_add_icon.png; sourceTree = SOURCE_ROOT; };
		768A541C1476252200176F0A /* web_browser_icon.png */ = {isa = PBXFileReference; lastKnownFileType = image.png; name = web_browser_icon.png; path = Images/web_browser_icon.png; sourceTree = SOURCE_ROOT; };
		768A541E1476265200176F0A /* back_view_icon.jpg */ = {isa = PBXFileReference; lastKnownFileType = image.jpeg; name = back_view_icon.jpg; path = Images/back_view_icon.jpg; sourceTree = SOURCE_ROOT; };
		768A54201476387900176F0A /* back_icon.png */ = {isa = PBXFileReference; lastKnownFileType = image.png; name = back_icon.png; path = Images/back_icon.png; sourceTree = SOURCE_ROOT; };
		768A54211476387900176F0A /* back_view_icon.png */ = {isa = PBXFileReference; lastKnownFileType = image.png; name = back_view_icon.png; path = Images/back_view_icon.png; sourceTree = SOURCE_ROOT; };
		768A54221476387900176F0A /* forward_icon.png */ = {isa = PBXFileReference; lastKnownFileType = image.png; name = forward_icon.png; path = Images/forward_icon.png; sourceTree = SOURCE_ROOT; };
		769169971473A6DF00043FA9 /* search.png */ = {isa = PBXFileReference; lastKnownFileType = image.png; name = search.png; path = Images/search.png; sourceTree = SOURCE_ROOT; };
		7691DFF01472BC6500592C43 /* star-gold24.png */ = {isa = PBXFileReference; lastKnownFileType = image.png; name = "star-gold24.png"; path = "Images/star-gold24.png"; sourceTree = SOURCE_ROOT; };
		7691DFF11472BC6500592C43 /* star-white24.png */ = {isa = PBXFileReference; lastKnownFileType = image.png; name = "star-white24.png"; path = "Images/star-white24.png"; sourceTree = SOURCE_ROOT; };
/* End PBXFileReference section */

/* Begin PBXFrameworksBuildPhase section */
		7681FD49146A915F00CF8C27 /* Frameworks */ = {
			isa = PBXFrameworksBuildPhase;
			buildActionMask = 2147483647;
			files = (
				7681FD51146A915F00CF8C27 /* UIKit.framework in Frameworks */,
				7681FD53146A915F00CF8C27 /* Foundation.framework in Frameworks */,
				7681FD55146A915F00CF8C27 /* CoreGraphics.framework in Frameworks */,
			);
			runOnlyForDeploymentPostprocessing = 0;
		};
/* End PBXFrameworksBuildPhase section */

/* Begin PBXGroup section */
		7681AFA8146FA8EC00BC179C /* Controls */ = {
			isa = PBXGroup;
			children = (
				7681AFAA146FA95400BC179C /* RateButton.h */,
				7681AFAB146FA95400BC179C /* RateButton.m */,
			);
			name = Controls;
			sourceTree = "<group>";
		};
		7681FD41146A915F00CF8C27 = {
			isa = PBXGroup;
			children = (
				7681FD56146A915F00CF8C27 /* SdtReader */,
				7681FD4F146A915F00CF8C27 /* Frameworks */,
				7681FD4D146A915F00CF8C27 /* Products */,
			);
			sourceTree = "<group>";
		};
		7681FD4D146A915F00CF8C27 /* Products */ = {
			isa = PBXGroup;
			children = (
				7681FD4C146A915F00CF8C27 /* SdtReader.app */,
			);
			name = Products;
			sourceTree = "<group>";
		};
		7681FD4F146A915F00CF8C27 /* Frameworks */ = {
			isa = PBXGroup;
			children = (
				7681FD50146A915F00CF8C27 /* UIKit.framework */,
				7681FD52146A915F00CF8C27 /* Foundation.framework */,
				7681FD54146A915F00CF8C27 /* CoreGraphics.framework */,
			);
			name = Frameworks;
			sourceTree = "<group>";
		};
		7681FD56146A915F00CF8C27 /* SdtReader */ = {
			isa = PBXGroup;
			children = (
				7681AFA8146FA8EC00BC179C /* Controls */,
				768510B2146ADCFE00072A6E /* Images */,
				7681FD7E146A964000CF8C27 /* Models */,
				7681FD7A146A961C00CF8C27 /* Global */,
				7681FD57146A915F00CF8C27 /* Supporting Files */,
				7681FD6D146A933700CF8C27 /* Delegators */,
				7681FD6C146A932700CF8C27 /* XIBs */,
				7681FD6B146A931A00CF8C27 /* ViewControllers */,
				7681FD6A146A931100CF8C27 /* Main */,
			);
			path = SdtReader;
			sourceTree = "<group>";
		};
		7681FD57146A915F00CF8C27 /* Supporting Files */ = {
			isa = PBXGroup;
			children = (
				7681FD58146A915F00CF8C27 /* SdtReader-Info.plist */,
				7681FD59146A915F00CF8C27 /* InfoPlist.strings */,
				7681FD5C146A915F00CF8C27 /* SdtReader-Prefix.pch */,
			);
			name = "Supporting Files";
			sourceTree = "<group>";
		};
		7681FD6A146A931100CF8C27 /* Main */ = {
			isa = PBXGroup;
			children = (
				7681FD88146A971400CF8C27 /* main.m */,
			);
			name = Main;
			sourceTree = "<group>";
		};
		7681FD6B146A931A00CF8C27 /* ViewControllers */ = {
			isa = PBXGroup;
			children = (
				767F8D2F1476772500FC624C /* RssCategoryDetailViewController.h */,
				767F8D301476772500FC624C /* RssCategoryDetailViewController.m */,
				7621AD761475016D004A55C1 /* RssCategoryViewCell.h */,
				7621AD771475016D004A55C1 /* RssCategoryViewCell.m */,
				7689A85214740D1300499608 /* SdtSearchViewController.h */,
				7689A85314740D1300499608 /* SdtSearchViewController.m */,
				7689A84D1474075F00499608 /* RssCategoryViewController.h */,
				7689A84E1474075F00499608 /* RssCategoryViewController.m */,
				76855939146E77FD0058DE3F /* WebBrowserViewController.h */,
				7685593A146E77FD0058DE3F /* WebBrowserViewController.m */,
				76822D3C146E319100698D1B /* RssStoryViewCell.h */,
				76822D3D146E319100698D1B /* RssStoryViewCell.m */,
				7688C60A146BB7BA00A571F5 /* RssFeedViewCell.h */,
				7688C60B146BB7BA00A571F5 /* RssFeedViewCell.m */,
				768510AF146ADAB700072A6E /* RssFeedViewController.h */,
				768510B0146ADAB700072A6E /* RssFeedViewController.m */,
				7681FD82146A966200CF8C27 /* ModelessViewController.h */,
				7681FD83146A966200CF8C27 /* ModelessViewController.m */,
				7681FD84146A966200CF8C27 /* SdtViewController.h */,
				7681FD85146A966200CF8C27 /* SdtViewController.m */,
				761334F0146D00DA00EFFF88 /* RssStoryListViewController.h */,
				761334F1146D00DB00EFFF88 /* RssStoryListViewController.m */,
				76822D47146E506000698D1B /* RssStoryViewController.h */,
				76822D48146E506000698D1B /* RssStoryViewController.m */,
				7688F520146EC327008F80A5 /* RssFeedDetailViewController.h */,
				7688F521146EC327008F80A5 /* RssFeedDetailViewController.m */,
			);
			name = ViewControllers;
			sourceTree = "<group>";
		};
		7681FD6C146A932700CF8C27 /* XIBs */ = {
			isa = PBXGroup;
			children = (
				767F8D2C1476771400FC624C /* RssCategoryDetailViewController.xib */,
				7689A8501474076A00499608 /* RssCategoryViewController.xib */,
				7688F525146EC359008F80A5 /* RssFeedDetailViewController.xib */,
				76822D4C146E508F00698D1B /* RssStoryViewController.xib */,
				761334F5146D011200EFFF88 /* RssStoryListViewController.xib */,
				768510AD146AD81B00072A6E /* RssFeedViewController.xib */,
			);
			name = XIBs;
			sourceTree = "<group>";
		};
		7681FD6D146A933700CF8C27 /* Delegators */ = {
			isa = PBXGroup;
			children = (
				7681FD76146A960D00CF8C27 /* ModalViewControllerDelegate.h */,
				7681FD77146A960D00CF8C27 /* SdtReaderAppDelegate.h */,
				7681FD78146A960D00CF8C27 /* SdtReaderAppDelegate.m */,
			);
			name = Delegators;
			sourceTree = "<group>";
		};
		7681FD7A146A961C00CF8C27 /* Global */ = {
			isa = PBXGroup;
			children = (
				7681FD7B146A962D00CF8C27 /* Common.h */,
				7681FD7C146A962D00CF8C27 /* Common.m */,
			);
			name = Global;
			path = ..;
			sourceTree = "<group>";
		};
		7681FD7E146A964000CF8C27 /* Models */ = {
			isa = PBXGroup;
			children = (
				7689A8461474074E00499608 /* RssCategory.h */,
				7689A8471474074E00499608 /* RssCategory.m */,
				7689A8481474074E00499608 /* RssCategoryModel.h */,
				7689A8491474074E00499608 /* RssCategoryModel.m */,
				7683B32E146D6D900023A557 /* RssParser.h */,
				7683B32F146D6D900023A557 /* RssParser.m */,
				76841522146B8CAE009F399B /* RssStoryModel.h */,
				76841523146B8CAE009F399B /* RssStoryModel.m */,
				7684151C146B8A65009F399B /* RssFeedModel.h */,
				7684151D146B8A65009F399B /* RssFeedModel.m */,
				7681FD7F146A965600CF8C27 /* ReaderModel.h */,
				7681FD80146A965600CF8C27 /* ReaderModel.m */,
				76841518146B87E4009F399B /* RssFeed.h */,
				76841519146B87E4009F399B /* RssFeed.m */,
				7684151F146B8ACF009F399B /* RssStory.h */,
				76841520146B8ACF009F399B /* RssStory.m */,
			);
			name = Models;
			sourceTree = "<group>";
		};
		768510B2146ADCFE00072A6E /* Images */ = {
			isa = PBXGroup;
			children = (
				768284B2147778060084490B /* rss_icon64.png */,
				7681CAE414771CAE00E313E9 /* cancel_icon.png */,
				7681CADF14771BD400E313E9 /* cancel_icon.jpg */,
				7681CAE014771BD400E313E9 /* save_icon.png */,
				768A54201476387900176F0A /* back_icon.png */,
				768A54211476387900176F0A /* back_view_icon.png */,
				768A54221476387900176F0A /* forward_icon.png */,
				768A541E1476265200176F0A /* back_view_icon.jpg */,
				768A541C1476252200176F0A /* web_browser_icon.png */,
				768A54181476250F00176F0A /* category_add_icon.png */,
				7621AD741474EA0B004A55C1 /* back_icon.png */,
				7621AD701474E517004A55C1 /* category32.png */,
				769169971473A6DF00043FA9 /* search.png */,
				7691DFF01472BC6500592C43 /* star-gold24.png */,
				7691DFF11472BC6500592C43 /* star-white24.png */,
				7681AFBD146FD6DF00BC179C /* star-blue16.png */,
				7681AFB7146FD63000BC179C /* star-green16.png */,
				7681AFB8146FD63000BC179C /* star-purple16.png */,
				7681AFB9146FD63000BC179C /* star-red16.png */,
				7681AFB5146FD58100BC179C /* star-black16.png */,
				7685E1FD146F505E008E275E /* star-white32.png */,
				7685E1FB146F501F008E275E /* star-black32.png */,
				7685E1F9146F4FD9008E275E /* star-blue24.png */,
				7685E1EF146F4C25008E275E /* star-gold16.png */,
				7685E1F0146F4C25008E275E /* star-gold48.png */,
				7685E1F1146F4C25008E275E /* star-white16.png */,
				7685E1F2146F4C25008E275E /* star-white48.png */,
				76822D3F146E374900698D1B /* rss_story_blue.png */,
				76822D40146E374900698D1B /* rss_story_green.png */,
				76822D41146E374900698D1B /* rss_story_grey.png */,
				76822D42146E374900698D1B /* rss_story_yellow.png */,
				76822D39146E30F200698D1B /* rss_story.png */,
				761334EA146CE9C700EFFF88 /* edit.jpg */,
				761334EB146CE9C700EFFF88 /* sdtreader_icon.png */,
				761334EC146CE9C700EFFF88 /* view.jpg */,
				761334D9146CE7AE00EFFF88 /* rss_blue.png */,
				761334DA146CE7AE00EFFF88 /* rss_green.png */,
				761334DB146CE7AE00EFFF88 /* rss_grey.png */,
				761334DC146CE7AE00EFFF88 /* rss_yellow.png */,
				7684CA31146B8161002277A0 /* rss_feeds.jpg */,
				768510BA146ADD1200072A6E /* rss_feed_add.png */,
			);
			name = Images;
			sourceTree = "<group>";
		};
/* End PBXGroup section */

/* Begin PBXNativeTarget section */
		7681FD4B146A915F00CF8C27 /* SdtReader */ = {
			isa = PBXNativeTarget;
			buildConfigurationList = 7681FD67146A915F00CF8C27 /* Build configuration list for PBXNativeTarget "SdtReader" */;
			buildPhases = (
				7681FD48146A915F00CF8C27 /* Sources */,
				7681FD49146A915F00CF8C27 /* Frameworks */,
				7681FD4A146A915F00CF8C27 /* Resources */,
			);
			buildRules = (
			);
			dependencies = (
			);
			name = SdtReader;
			productName = SdtReader;
			productReference = 7681FD4C146A915F00CF8C27 /* SdtReader.app */;
			productType = "com.apple.product-type.application";
		};
/* End PBXNativeTarget section */

/* Begin PBXProject section */
		7681FD43146A915F00CF8C27 /* Project object */ = {
			isa = PBXProject;
			attributes = {
				ORGANIZATIONNAME = seedotech;
			};
			buildConfigurationList = 7681FD46146A915F00CF8C27 /* Build configuration list for PBXProject "SdtReader" */;
			compatibilityVersion = "Xcode 3.2";
			developmentRegion = English;
			hasScannedForEncodings = 0;
			knownRegions = (
				en,
			);
			mainGroup = 7681FD41146A915F00CF8C27;
			productRefGroup = 7681FD4D146A915F00CF8C27 /* Products */;
			projectDirPath = "";
			projectRoot = "";
			targets = (
				7681FD4B146A915F00CF8C27 /* SdtReader */,
			);
		};
/* End PBXProject section */

/* Begin PBXResourcesBuildPhase section */
		7681FD4A146A915F00CF8C27 /* Resources */ = {
			isa = PBXResourcesBuildPhase;
			buildActionMask = 2147483647;
			files = (
				7681FD5B146A915F00CF8C27 /* InfoPlist.strings in Resources */,
				768510AB146AD28D00072A6E /* SdtReader-Info.plist in Resources */,
				768510AE146AD81B00072A6E /* RssFeedViewController.xib in Resources */,
				768510C2146ADD1200072A6E /* rss_feed_add.png in Resources */,
				7684CA32146B8161002277A0 /* rss_feeds.jpg in Resources */,
				761334DD146CE7AE00EFFF88 /* rss_blue.png in Resources */,
				761334DE146CE7AE00EFFF88 /* rss_green.png in Resources */,
				761334DF146CE7AE00EFFF88 /* rss_grey.png in Resources */,
				761334E0146CE7AE00EFFF88 /* rss_yellow.png in Resources */,
				761334ED146CE9C700EFFF88 /* edit.jpg in Resources */,
				761334EE146CE9C700EFFF88 /* sdtreader_icon.png in Resources */,
				761334EF146CE9C700EFFF88 /* view.jpg in Resources */,
				761334F6146D011200EFFF88 /* RssStoryListViewController.xib in Resources */,
				76822D3A146E30F200698D1B /* rss_story.png in Resources */,
				76822D43146E374900698D1B /* rss_story_blue.png in Resources */,
				76822D44146E374900698D1B /* rss_story_green.png in Resources */,
				76822D45146E374900698D1B /* rss_story_grey.png in Resources */,
				76822D46146E374900698D1B /* rss_story_yellow.png in Resources */,
				76822D4D146E508F00698D1B /* RssStoryViewController.xib in Resources */,
				7688F526146EC359008F80A5 /* RssFeedDetailViewController.xib in Resources */,
				7685E1F3146F4C25008E275E /* star-gold16.png in Resources */,
				7685E1F4146F4C25008E275E /* star-gold48.png in Resources */,
				7685E1F5146F4C25008E275E /* star-white16.png in Resources */,
				7685E1F6146F4C25008E275E /* star-white48.png in Resources */,
				7685E1FA146F4FD9008E275E /* star-blue24.png in Resources */,
				7685E1FC146F5020008E275E /* star-black32.png in Resources */,
				7685E1FE146F505E008E275E /* star-white32.png in Resources */,
				7681AFB6146FD58100BC179C /* star-black16.png in Resources */,
				7681AFBA146FD63000BC179C /* star-green16.png in Resources */,
				7681AFBB146FD63000BC179C /* star-purple16.png in Resources */,
				7681AFBC146FD63000BC179C /* star-red16.png in Resources */,
				7681AFBE146FD6E000BC179C /* star-blue16.png in Resources */,
				7691E00F1472BC6500592C43 /* star-gold24.png in Resources */,
				7691E0101472BC6500592C43 /* star-white24.png in Resources */,
				769169981473A6DF00043FA9 /* search.png in Resources */,
				7689A8511474076A00499608 /* RssCategoryViewController.xib in Resources */,
				7621AD721474E517004A55C1 /* category32.png in Resources */,
				7621AD751474EA0B004A55C1 /* back_icon.png in Resources */,
				768A541A1476250F00176F0A /* category_add_icon.png in Resources */,
				768A541D1476252200176F0A /* web_browser_icon.png in Resources */,
				768A541F1476265200176F0A /* back_view_icon.jpg in Resources */,
				768A54231476387900176F0A /* back_icon.png in Resources */,
				768A54241476387900176F0A /* back_view_icon.png in Resources */,
				768A54251476387900176F0A /* forward_icon.png in Resources */,
				767F8D2D1476771400FC624C /* RssCategoryDetailViewController.xib in Resources */,
				7681CAE114771BD400E313E9 /* cancel_icon.jpg in Resources */,
				7681CAE214771BD400E313E9 /* save_icon.png in Resources */,
				7681CAE514771CAE00E313E9 /* cancel_icon.png in Resources */,
				768284B3147778060084490B /* rss_icon64.png in Resources */,
			);
			runOnlyForDeploymentPostprocessing = 0;
		};
/* End PBXResourcesBuildPhase section */

/* Begin PBXSourcesBuildPhase section */
		7681FD48146A915F00CF8C27 /* Sources */ = {
			isa = PBXSourcesBuildPhase;
			buildActionMask = 2147483647;
			files = (
				7681FD79146A960D00CF8C27 /* SdtReaderAppDelegate.m in Sources */,
				7681FD7D146A962D00CF8C27 /* Common.m in Sources */,
				7681FD81146A965600CF8C27 /* ReaderModel.m in Sources */,
				7681FD86146A966200CF8C27 /* ModelessViewController.m in Sources */,
				7681FD87146A966200CF8C27 /* SdtViewController.m in Sources */,
				7681FD89146A971400CF8C27 /* main.m in Sources */,
				768510B1146ADAB700072A6E /* RssFeedViewController.m in Sources */,
				7684151A146B87E4009F399B /* RssFeed.m in Sources */,
				7684151E146B8A65009F399B /* RssFeedModel.m in Sources */,
				76841521146B8ACF009F399B /* RssStory.m in Sources */,
				76841524146B8CAE009F399B /* RssStoryModel.m in Sources */,
				7688C60C146BB7BA00A571F5 /* RssFeedViewCell.m in Sources */,
				761334F3146D00DB00EFFF88 /* RssStoryListViewController.m in Sources */,
				7683B330146D6D900023A557 /* RssParser.m in Sources */,
				76822D3E146E319100698D1B /* RssStoryViewCell.m in Sources */,
				76822D4A146E506000698D1B /* RssStoryViewController.m in Sources */,
				7685593B146E77FD0058DE3F /* WebBrowserViewController.m in Sources */,
				7688F523146EC328008F80A5 /* RssFeedDetailViewController.m in Sources */,
				7681AFAC146FA95400BC179C /* RateButton.m in Sources */,
				7689A84A1474074E00499608 /* RssCategory.m in Sources */,
				7689A84B1474074E00499608 /* RssCategoryModel.m in Sources */,
				7689A84F1474075F00499608 /* RssCategoryViewController.m in Sources */,
				7689A85414740D1300499608 /* SdtSearchViewController.m in Sources */,
				7621AD781475016D004A55C1 /* RssCategoryViewCell.m in Sources */,
				767F8D311476772500FC624C /* RssCategoryDetailViewController.m in Sources */,
			);
			runOnlyForDeploymentPostprocessing = 0;
		};
/* End PBXSourcesBuildPhase section */

/* Begin PBXVariantGroup section */
		7681FD59146A915F00CF8C27 /* InfoPlist.strings */ = {
			isa = PBXVariantGroup;
			children = (
				7681FD5A146A915F00CF8C27 /* en */,
			);
			name = InfoPlist.strings;
			sourceTree = "<group>";
		};
/* End PBXVariantGroup section */

/* Begin XCBuildConfiguration section */
		7681FD65146A915F00CF8C27 /* Debug */ = {
			isa = XCBuildConfiguration;
			buildSettings = {
				ARCHS = "$(ARCHS_STANDARD_32_BIT)";
				"CODE_SIGN_IDENTITY[sdk=iphoneos*]" = "iPhone Developer";
				GCC_C_LANGUAGE_STANDARD = gnu99;
				GCC_OPTIMIZATION_LEVEL = 0;
				GCC_PREPROCESSOR_DEFINITIONS = DEBUG;
				GCC_SYMBOLS_PRIVATE_EXTERN = NO;
				GCC_VERSION = com.apple.compilers.llvmgcc42;
				GCC_WARN_ABOUT_RETURN_TYPE = YES;
				GCC_WARN_UNUSED_VARIABLE = YES;
				IPHONEOS_DEPLOYMENT_TARGET = 4.3;
				SDKROOT = iphoneos;
			};
			name = Debug;
		};
		7681FD66146A915F00CF8C27 /* Release */ = {
			isa = XCBuildConfiguration;
			buildSettings = {
				ARCHS = "$(ARCHS_STANDARD_32_BIT)";
				"CODE_SIGN_IDENTITY[sdk=iphoneos*]" = "iPhone Developer";
				GCC_C_LANGUAGE_STANDARD = gnu99;
				GCC_VERSION = com.apple.compilers.llvmgcc42;
				GCC_WARN_ABOUT_RETURN_TYPE = YES;
				GCC_WARN_UNUSED_VARIABLE = YES;
				IPHONEOS_DEPLOYMENT_TARGET = 4.3;
				OTHER_CFLAGS = "-DNS_BLOCK_ASSERTIONS=1";
				SDKROOT = iphoneos;
			};
			name = Release;
		};
		7681FD68146A915F00CF8C27 /* Debug */ = {
			isa = XCBuildConfiguration;
			buildSettings = {
				ALWAYS_SEARCH_USER_PATHS = NO;
				COPY_PHASE_STRIP = NO;
				GCC_DYNAMIC_NO_PIC = NO;
				GCC_PRECOMPILE_PREFIX_HEADER = YES;
				GCC_PREFIX_HEADER = "SdtReader/SdtReader-Prefix.pch";
				INFOPLIST_FILE = "SdtReader/SdtReader-Info.plist";
				PRODUCT_NAME = "$(TARGET_NAME)";
				WRAPPER_EXTENSION = app;
			};
			name = Debug;
		};
		7681FD69146A915F00CF8C27 /* Release */ = {
			isa = XCBuildConfiguration;
			buildSettings = {
				ALWAYS_SEARCH_USER_PATHS = NO;
				COPY_PHASE_STRIP = YES;
				GCC_PRECOMPILE_PREFIX_HEADER = YES;
				GCC_PREFIX_HEADER = "SdtReader/SdtReader-Prefix.pch";
				INFOPLIST_FILE = "SdtReader/SdtReader-Info.plist";
				PRODUCT_NAME = "$(TARGET_NAME)";
				VALIDATE_PRODUCT = YES;
				WRAPPER_EXTENSION = app;
			};
			name = Release;
		};
/* End XCBuildConfiguration section */

/* Begin XCConfigurationList section */
		7681FD46146A915F00CF8C27 /* Build configuration list for PBXProject "SdtReader" */ = {
			isa = XCConfigurationList;
			buildConfigurations = (
				7681FD65146A915F00CF8C27 /* Debug */,
				7681FD66146A915F00CF8C27 /* Release */,
			);
			defaultConfigurationIsVisible = 0;
			defaultConfigurationName = Release;
		};
		7681FD67146A915F00CF8C27 /* Build configuration list for PBXNativeTarget "SdtReader" */ = {
			isa = XCConfigurationList;
			buildConfigurations = (
				7681FD68146A915F00CF8C27 /* Debug */,
				7681FD69146A915F00CF8C27 /* Release */,
			);
			defaultConfigurationIsVisible = 0;
			defaultConfigurationName = Release;
		};
/* End XCConfigurationList section */
	};
	rootObject = 7681FD43146A915F00CF8C27 /* Project object */;
}
